<?xml version="1.0" encoding="utf-8"?>
<Project ToolsVersion="4.0" xmlns="http://schemas.microsoft.com/developer/msbuild/2003">
  <ItemGroup>
    <Filter Include="Source Files">
      <UniqueIdentifier>{2a59fd72-4294-44a8-9417-4420fa018dc9}</UniqueIdentifier>
      <Extensions>cpp;c;cxx;rc;def;r;odl;idl;hpj;bat</Extensions>
    </Filter>
    <Filter Include="Header Files">
      <UniqueIdentifier>{86d091f1-294c-4c68-84d3-1ae78c424f04}</UniqueIdentifier>
      <Extensions>h;hpp;hxx;hm;inl</Extensions>
    </Filter>
    <Filter Include="Resource Files">
      <UniqueIdentifier>{8d3c10c4-cd2f-4c8f-95a3-17fa6b9332bd}</UniqueIdentifier>
      <Extensions>ico;cur;bmp;dlg;rc2;rct;bin;rgs;gif;jpg;jpeg;jpe</Extensions>
    </Filter>
  </ItemGroup>
  <ItemGroup>
    <ClCompile Include="StdAfx.cpp">
      <Filter>Source Files</Filter>
    </ClCompile>
    <ClCompile Include="zConversion.cpp">
      <Filter>Source Files</Filter>
    </ClCompile>
    <ClCompile Include="PSS_String16.cpp">
      <Filter>Source Files</Filter>
    </ClCompile>
    <ClCompile Include="PSS_Iso8859.cpp">
      <Filter>Source Files</Filter>
    </ClCompile>
    <ClCompile Include="PSS_Utf.cpp">
      <Filter>Source Files</Filter>
    </ClCompile>
    <ClCompile Include="PSS_StringTools.cpp">
      <Filter>Source Files</Filter>
    </ClCompile>
    <ClCompile Include="PSS_Encoding.cpp">
      <Filter>Source Files</Filter>
    </ClCompile>
  </ItemGroup>
  <ItemGroup>
    <None Include="res\zConversion.rc2">
      <Filter>Resource Files</Filter>
    </None>
  </ItemGroup>
  <ItemGroup>
    <ResourceCompile Include="zConversion.rc">
      <Filter>Source Files</Filter>
    </ResourceCompile>
  </ItemGroup>
  <ItemGroup>
    <ClInclude Include="StdAfx.h">
      <Filter>Header Files</Filter>
    </ClInclude>
    <ClInclude Include="zConversionLib.h">
      <Filter>Header Files</Filter>
    </ClInclude>
    <ClInclude Include="zConversionRes.h">
      <Filter>Header Files</Filter>
    </ClInclude>
    <ClInclude Include="PSS_String16.h">
      <Filter>Header Files</Filter>
    </ClInclude>
    <ClInclude Include="PSS_Iso8859.h">
      <Filter>Header Files</Filter>
    </ClInclude>
    <ClInclude Include="PSS_Utf.h">
      <Filter>Header Files</Filter>
    </ClInclude>
    <ClInclude Include="PSS_StringTools.h">
      <Filter>Header Files</Filter>
    </ClInclude>
    <ClInclude Include="PSS_Encoding.h">
      <Filter>Header Files</Filter>
    </ClInclude>
  </ItemGroup>
  <ItemGroup>
    <CustomBuild Include="zConversion.def">
      <Filter>Source Files</Filter>
    </CustomBuild>
    <CustomBuild Include="zConversionD.def">
      <Filter>Source Files</Filter>
    </CustomBuild>
  </ItemGroup>
</Project>