<?xml version="1.0" encoding="utf-8"?>
<Project ToolsVersion="4.0" xmlns="http://schemas.microsoft.com/developer/msbuild/2003">
  <ItemGroup>
    <Filter Include="Source Files">
      <UniqueIdentifier>{81081167-c05a-4be5-913f-42354348bff8}</UniqueIdentifier>
      <Extensions>cpp;c;cxx;rc;def;r;odl;idl;hpj;bat</Extensions>
    </Filter>
    <Filter Include="Header Files">
      <UniqueIdentifier>{22e5f2cc-3850-4282-b45d-25ebdac04f40}</UniqueIdentifier>
      <Extensions>h;hpp;hxx;hm;inl</Extensions>
    </Filter>
    <Filter Include="Resource Files">
      <UniqueIdentifier>{bf30eded-b19e-4007-953b-7bdefec5b890}</UniqueIdentifier>
      <Extensions>ico;cur;bmp;dlg;rc2;rct;bin;rgs;gif;jpg;jpeg;jpe</Extensions>
    </Filter>
    <Filter Include="Packages">
      <UniqueIdentifier>{4969f895-d790-4d7f-ba7e-a1670610b3a0}</UniqueIdentifier>
      <Extensions>vcx;vcp;vcw</Extensions>
    </Filter>
    <Filter Include="Diagrams">
      <UniqueIdentifier>{3c89a198-26e8-45da-b851-5d7c50489af3}</UniqueIdentifier>
      <Extensions>vcd</Extensions>
    </Filter>
    <Filter Include="Diagrams No. 1">
      <UniqueIdentifier>{1092a469-0a0e-40b6-ad91-8b169db81ef2}</UniqueIdentifier>
      <Extensions>vcd</Extensions>
    </Filter>
  </ItemGroup>
  <ItemGroup>
    <ClCompile Include="StdAfx.cpp">
      <Filter>Source Files</Filter>
    </ClCompile>
    <ClCompile Include="zWkf.cpp">
      <Filter>Source Files</Filter>
    </ClCompile>
    <ClCompile Include="PSS_ThinThread.cpp">
      <Filter>Source Files</Filter>
    </ClCompile>
    <ClCompile Include="PSS_AutomationMachine.cpp">
      <Filter>Source Files</Filter>
    </ClCompile>
    <ClCompile Include="PSS_MainAutomationRunnerThread.cpp">
      <Filter>Source Files</Filter>
    </ClCompile>
    <ClCompile Include="PSS_MainPathRunnerThread.cpp">
      <Filter>Source Files</Filter>
    </ClCompile>
    <ClCompile Include="PSS_PathMachine.cpp">
      <Filter>Source Files</Filter>
    </ClCompile>
    <ClCompile Include="PSS_StateLink.cpp">
      <Filter>Source Files</Filter>
    </ClCompile>
    <ClCompile Include="PSS_StateMachine.cpp">
      <Filter>Source Files</Filter>
    </ClCompile>
    <ClCompile Include="PSS_StateMachineCollection.cpp">
      <Filter>Source Files</Filter>
    </ClCompile>
    <ClCompile Include="PSS_StateObject.cpp">
      <Filter>Source Files</Filter>
    </ClCompile>
    <ClCompile Include="PSS_ModelStateMachineDocument.cpp">
      <Filter>Source Files</Filter>
    </ClCompile>
  </ItemGroup>
  <ItemGroup>
    <None Include="res\zWkf.rc2">
      <Filter>Resource Files</Filter>
    </None>
    <None Include="Uml\Automation Machine Package.vcx">
      <Filter>Packages</Filter>
    </None>
    <None Include="Uml\Interfaces Package.vcx">
      <Filter>Packages</Filter>
    </None>
    <None Include="Uml\State Machine Package.vcx">
      <Filter>Packages</Filter>
    </None>
    <None Include="Uml\zWkf.vcp">
      <Filter>Packages</Filter>
    </None>
    <None Include="Uml\Automation Machine Objects.vcd">
      <Filter>Diagrams</Filter>
    </None>
    <None Include="Uml\State Business Objects.vcd">
      <Filter>Diagrams</Filter>
    </None>
    <None Include="Uml\zWkf.vcw">
      <Filter>Packages</Filter>
    </None>
  </ItemGroup>
  <ItemGroup>
    <ResourceCompile Include="zWkf.rc">
      <Filter>Source Files</Filter>
    </ResourceCompile>
  </ItemGroup>
  <ItemGroup>
    <ClInclude Include="StdAfx.h">
      <Filter>Header Files</Filter>
    </ClInclude>
    <ClInclude Include="zWkfLib.h">
      <Filter>Header Files</Filter>
    </ClInclude>
    <ClInclude Include="zWkfRes.h">
      <Filter>Header Files</Filter>
    </ClInclude>
    <ClInclude Include="PSS_AutomationCollections.h">
      <Filter>Header Files</Filter>
    </ClInclude>
    <ClInclude Include="PSS_ThinThread.h">
      <Filter>Header Files</Filter>
    </ClInclude>
    <ClInclude Include="PSS_AutomationMachine.h">
      <Filter>Header Files</Filter>
    </ClInclude>
    <ClInclude Include="PSS_MainAutomationRunnerThread.h">
      <Filter>Header Files</Filter>
    </ClInclude>
    <ClInclude Include="PSS_MainPathRunnerThread.h">
      <Filter>Header Files</Filter>
    </ClInclude>
    <ClInclude Include="PSS_PathMachine.h">
      <Filter>Header Files</Filter>
    </ClInclude>
    <ClInclude Include="PSS_StateLink.h">
      <Filter>Header Files</Filter>
    </ClInclude>
    <ClInclude Include="PSS_StateMachine.h">
      <Filter>Header Files</Filter>
    </ClInclude>
    <ClInclude Include="PSS_StateMachineCollection.h">
      <Filter>Header Files</Filter>
    </ClInclude>
    <ClInclude Include="PSS_StateObject.h">
      <Filter>Header Files</Filter>
    </ClInclude>
    <ClInclude Include="PSS_ModelStateMachineDocument.h">
      <Filter>Header Files</Filter>
    </ClInclude>
  </ItemGroup>
  <ItemGroup>
    <CustomBuild Include="zWkf.def">
      <Filter>Source Files</Filter>
    </CustomBuild>
    <CustomBuild Include="zWkfD.def">
      <Filter>Source Files</Filter>
    </CustomBuild>
  </ItemGroup>
</Project>