<?xml version="1.0" encoding="utf-8"?>
<Project ToolsVersion="4.0" xmlns="http://schemas.microsoft.com/developer/msbuild/2003">
  <ItemGroup>
    <Filter Include="Source Files">
      <UniqueIdentifier>{715b1f74-8487-4324-a3a3-bc4d0846cd1c}</UniqueIdentifier>
      <Extensions>cpp;c;cxx;rc;def;r;odl;idl;hpj;bat</Extensions>
    </Filter>
    <Filter Include="Header Files">
      <UniqueIdentifier>{731f5a71-6f48-4f05-a616-94888d95427f}</UniqueIdentifier>
      <Extensions>h;hpp;hxx;hm;inl</Extensions>
    </Filter>
  </ItemGroup>
  <ItemGroup>
    <ClCompile Include="StdAfx.cpp">
      <Filter>Source Files</Filter>
    </ClCompile>
    <ClCompile Include="ZBPropertyItemObserverMsg.cpp">
      <Filter>Source Files</Filter>
    </ClCompile>
    <ClCompile Include="ZBPropertyObserverMsg.cpp">
      <Filter>Source Files</Filter>
    </ClCompile>
    <ClCompile Include="ZIInPlaceEdit.cpp">
      <Filter>Source Files</Filter>
    </ClCompile>
    <ClCompile Include="ZIProperties.cpp">
      <Filter>Source Files</Filter>
    </ClCompile>
    <ClCompile Include="zProperty.cpp">
      <Filter>Source Files</Filter>
    </ClCompile>
    <ClCompile Include="PSS_DynamicProperties.cpp">
      <Filter>Source Files</Filter>
    </ClCompile>
    <ClCompile Include="PSS_DynamicPropertiesManager.cpp">
      <Filter>Source Files</Filter>
    </ClCompile>
    <ClCompile Include="PSS_Property.cpp">
      <Filter>Source Files</Filter>
    </ClCompile>
    <ClCompile Include="PSS_PropertyAttributes.cpp">
      <Filter>Source Files</Filter>
    </ClCompile>
    <ClCompile Include="PSS_PropertyItem.cpp">
      <Filter>Source Files</Filter>
    </ClCompile>
  </ItemGroup>
  <ItemGroup>
    <ClInclude Include="StdAfx.h">
      <Filter>Header Files</Filter>
    </ClInclude>
    <ClInclude Include="ZBPropertyItemObserverMsg.h">
      <Filter>Header Files</Filter>
    </ClInclude>
    <ClInclude Include="ZBPropertyObserverMsg.h">
      <Filter>Header Files</Filter>
    </ClInclude>
    <ClInclude Include="ZIInPlaceEdit.h">
      <Filter>Header Files</Filter>
    </ClInclude>
    <ClInclude Include="ZIProperties.h">
      <Filter>Header Files</Filter>
    </ClInclude>
    <ClInclude Include="zPropertyLib.h">
      <Filter>Header Files</Filter>
    </ClInclude>
    <ClInclude Include="PSS_DynamicProperties.h">
      <Filter>Header Files</Filter>
    </ClInclude>
    <ClInclude Include="PSS_DynamicPropertiesManager.h">
      <Filter>Header Files</Filter>
    </ClInclude>
    <ClInclude Include="PSS_Property.h">
      <Filter>Header Files</Filter>
    </ClInclude>
    <ClInclude Include="PSS_PropertyAttributes.h">
      <Filter>Header Files</Filter>
    </ClInclude>
    <ClInclude Include="PSS_PropertyItem.h">
      <Filter>Header Files</Filter>
    </ClInclude>
  </ItemGroup>
  <ItemGroup>
    <CustomBuild Include="zProperty.def">
      <Filter>Source Files</Filter>
    </CustomBuild>
    <CustomBuild Include="zPropertyD.def">
      <Filter>Source Files</Filter>
    </CustomBuild>
  </ItemGroup>
</Project>