<?xml version="1.0" encoding="utf-8"?>
<Project ToolsVersion="4.0" xmlns="http://schemas.microsoft.com/developer/msbuild/2003">
  <ItemGroup>
    <Filter Include="Source Files">
      <UniqueIdentifier>{131681b4-c338-4510-926b-700acbd07064}</UniqueIdentifier>
      <Extensions>cpp;c;cxx;rc;def;r;odl;idl;hpj;bat</Extensions>
    </Filter>
    <Filter Include="Header Files">
      <UniqueIdentifier>{9c0f742f-ce28-4e83-b27e-95d750c157fa}</UniqueIdentifier>
      <Extensions>h;hpp;hxx;hm;inl</Extensions>
    </Filter>
    <Filter Include="Resource Files">
      <UniqueIdentifier>{24328b1f-371a-4dee-9f00-e5022733e273}</UniqueIdentifier>
      <Extensions>ico;cur;bmp;dlg;rc2;rct;bin;rgs;gif;jpg;jpeg;jpe</Extensions>
    </Filter>
    <Filter Include="Packages">
      <UniqueIdentifier>{66d7fd57-cdec-4de5-a8a0-a80c0cf1d1fe}</UniqueIdentifier>
      <Extensions>vcx;vcp;vcw</Extensions>
    </Filter>
    <Filter Include="Diagrams">
      <UniqueIdentifier>{923c57a1-4674-4dfe-81e8-18be1d3fe5ef}</UniqueIdentifier>
      <Extensions>vcd</Extensions>
    </Filter>
  </ItemGroup>
  <ItemGroup>
    <ClCompile Include="StdAfx.cpp">
      <Filter>Source Files</Filter>
    </ClCompile>
    <ClCompile Include="VTools.cpp">
      <Filter>Source Files</Filter>
    </ClCompile>
    <ClCompile Include="WatchDir.cpp">
      <Filter>Source Files</Filter>
    </ClCompile>
    <ClCompile Include="ZAAscii.cpp">
      <Filter>Source Files</Filter>
    </ClCompile>
    <ClCompile Include="ZABitmap.cpp">
      <Filter>Source Files</Filter>
    </ClCompile>
    <ClCompile Include="ZABnText.cpp">
      <Filter>Source Files</Filter>
    </ClCompile>
    <ClCompile Include="ZABorder.cpp">
      <Filter>Source Files</Filter>
    </ClCompile>
    <ClCompile Include="ZACheck.cpp">
      <Filter>Source Files</Filter>
    </ClCompile>
    <ClCompile Include="ZAFont.cpp">
      <Filter>Source Files</Filter>
    </ClCompile>
    <ClCompile Include="ZAFontMg.cpp">
      <Filter>Source Files</Filter>
    </ClCompile>
    <ClCompile Include="ZAGlobal.cpp">
      <Filter>Source Files</Filter>
    </ClCompile>
    <ClCompile Include="ZAGraphc.cpp">
      <Filter>Source Files</Filter>
    </ClCompile>
    <ClCompile Include="ZAMATH.CPP">
      <Filter>Source Files</Filter>
    </ClCompile>
    <ClCompile Include="ZAMStr.cpp">
      <Filter>Source Files</Filter>
    </ClCompile>
    <ClCompile Include="ZAMultiC.cpp">
      <Filter>Source Files</Filter>
    </ClCompile>
    <ClCompile Include="ZANumbrd.cpp">
      <Filter>Source Files</Filter>
    </ClCompile>
    <ClCompile Include="ZAObject.cpp">
      <Filter>Source Files</Filter>
    </ClCompile>
    <ClCompile Include="ZARadio.cpp">
      <Filter>Source Files</Filter>
    </ClCompile>
    <ClCompile Include="ZAServerOptions.cpp">
      <Filter>Source Files</Filter>
    </ClCompile>
    <ClCompile Include="ZASquare.cpp">
      <Filter>Source Files</Filter>
    </ClCompile>
    <ClCompile Include="ZAString.cpp">
      <Filter>Source Files</Filter>
    </ClCompile>
    <ClCompile Include="ZAStyle.cpp">
      <Filter>Source Files</Filter>
    </ClCompile>
    <ClCompile Include="ZAStylMg.cpp">
      <Filter>Source Files</Filter>
    </ClCompile>
    <ClCompile Include="ZAText.cpp">
      <Filter>Source Files</Filter>
    </ClCompile>
    <ClCompile Include="ZATwoSts.cpp">
      <Filter>Source Files</Filter>
    </ClCompile>
    <ClCompile Include="ZBaseLib.cpp">
      <Filter>Source Files</Filter>
    </ClCompile>
    <ClCompile Include="ZBCommandObserverMsg.cpp">
      <Filter>Source Files</Filter>
    </ClCompile>
    <ClCompile Include="ZBCriptedFileApplicationTypeInfo.cpp">
      <Filter>Source Files</Filter>
    </ClCompile>
    <ClCompile Include="ZBCriptedFileEvaluationAppInfo.cpp">
      <Filter>Source Files</Filter>
    </ClCompile>
    <ClCompile Include="ZBCriptedFileInfo.CPP">
      <Filter>Source Files</Filter>
    </ClCompile>
    <ClCompile Include="ZBCriptedLine.CPP">
      <Filter>Source Files</Filter>
    </ClCompile>
    <ClCompile Include="ZBDate.CPP">
      <Filter>Source Files</Filter>
    </ClCompile>
    <ClCompile Include="ZBDocumentObserverMsg.cpp">
      <Filter>Source Files</Filter>
    </ClCompile>
    <ClCompile Include="ZBDragEdit.cpp">
      <Filter>Source Files</Filter>
    </ClCompile>
    <ClCompile Include="ZBDuration.cpp">
      <Filter>Source Files</Filter>
    </ClCompile>
    <ClCompile Include="ZBEqualizeNumbers.cpp">
      <Filter>Source Files</Filter>
    </ClCompile>
    <ClCompile Include="ZBErrorLog.cpp">
      <Filter>Source Files</Filter>
    </ClCompile>
    <ClCompile Include="ZBFieldInputScenario.cpp">
      <Filter>Source Files</Filter>
    </ClCompile>
    <ClCompile Include="ZBFieldObserverMsg.cpp">
      <Filter>Source Files</Filter>
    </ClCompile>
    <ClCompile Include="ZBFldClM.cpp">
      <Filter>Source Files</Filter>
    </ClCompile>
    <ClCompile Include="ZBFldCol.cpp">
      <Filter>Source Files</Filter>
    </ClCompile>
    <ClCompile Include="ZBGenericErrorLine.cpp">
      <Filter>Source Files</Filter>
    </ClCompile>
    <ClCompile Include="ZBHistoricValue.cpp">
      <Filter>Source Files</Filter>
    </ClCompile>
    <ClCompile Include="ZBHistoricValueManager.cpp">
      <Filter>Source Files</Filter>
    </ClCompile>
    <ClCompile Include="ZBInputScenario.cpp">
      <Filter>Source Files</Filter>
    </ClCompile>
    <ClCompile Include="ZBInputScenarioSet.cpp">
      <Filter>Source Files</Filter>
    </ClCompile>
    <ClCompile Include="ZBitmap.cpp">
      <Filter>Source Files</Filter>
    </ClCompile>
    <ClCompile Include="ZBKeepStringUsage.cpp">
      <Filter>Source Files</Filter>
    </ClCompile>
    <ClCompile Include="ZBKeyboardObserverMsg.cpp">
      <Filter>Source Files</Filter>
    </ClCompile>
    <ClCompile Include="ZBMenuObserverMsg.cpp">
      <Filter>Source Files</Filter>
    </ClCompile>
    <ClCompile Include="ZBNotes.cpp">
      <Filter>Source Files</Filter>
    </ClCompile>
    <ClCompile Include="ZBPoint.cpp">
      <Filter>Source Files</Filter>
    </ClCompile>
    <ClCompile Include="ZBRect.cpp">
      <Filter>Source Files</Filter>
    </ClCompile>
    <ClCompile Include="ZBServer.cpp">
      <Filter>Source Files</Filter>
    </ClCompile>
    <ClCompile Include="ZBServerDisk.cpp">
      <Filter>Source Files</Filter>
    </ClCompile>
    <ClCompile Include="ZBSmartString.cpp">
      <Filter>Source Files</Filter>
    </ClCompile>
    <ClCompile Include="ZBStringFormat.cpp">
      <Filter>Source Files</Filter>
    </ClCompile>
    <ClCompile Include="ZBTimeSpan.CPP">
      <Filter>Source Files</Filter>
    </ClCompile>
    <ClCompile Include="ZBTokenizer.cpp">
      <Filter>Source Files</Filter>
    </ClCompile>
    <ClCompile Include="ZBToolbarObserverMsg.cpp">
      <Filter>Source Files</Filter>
    </ClCompile>
    <ClCompile Include="ZBWorkspaceEntity.cpp">
      <Filter>Source Files</Filter>
    </ClCompile>
    <ClCompile Include="ZBWorkspaceEnv.cpp">
      <Filter>Source Files</Filter>
    </ClCompile>
    <ClCompile Include="ZBWorkspaceFileEntity.cpp">
      <Filter>Source Files</Filter>
    </ClCompile>
    <ClCompile Include="ZBWorkspaceGroupEntity.cpp">
      <Filter>Source Files</Filter>
    </ClCompile>
    <ClCompile Include="ZBWorkspaceObserverMsg.cpp">
      <Filter>Source Files</Filter>
    </ClCompile>
    <ClCompile Include="ZBWorkspaceWizardTemplateItem.cpp">
      <Filter>Source Files</Filter>
    </ClCompile>
    <ClCompile Include="ZBWorkspaceWizardTemplateMg.cpp">
      <Filter>Source Files</Filter>
    </ClCompile>
    <ClCompile Include="zcgridctrl.cpp">
      <Filter>Source Files</Filter>
    </ClCompile>
    <ClCompile Include="ZCIntelliEdit.cpp">
      <Filter>Source Files</Filter>
    </ClCompile>
    <ClCompile Include="ZCMultiLineEdit.cpp">
      <Filter>Source Files</Filter>
    </ClCompile>
    <ClCompile Include="ZConfigW.cpp">
      <Filter>Source Files</Filter>
    </ClCompile>
    <ClCompile Include="ZCWorkspaceTreeCtrl.cpp">
      <Filter>Source Files</Filter>
    </ClCompile>
    <ClCompile Include="ZDDoc.cpp">
      <Filter>Source Files</Filter>
    </ClCompile>
    <ClCompile Include="ZDHistoricValueDocument.cpp">
      <Filter>Source Files</Filter>
    </ClCompile>
    <ClCompile Include="ZDIB.cpp">
      <Filter>Source Files</Filter>
    </ClCompile>
    <ClCompile Include="ZDirectory.cpp">
      <Filter>Source Files</Filter>
    </ClCompile>
    <ClCompile Include="ZDTextFile.cpp">
      <Filter>Source Files</Filter>
    </ClCompile>
    <ClCompile Include="ZDWorkspaceEnvDocument.cpp">
      <Filter>Source Files</Filter>
    </ClCompile>
    <ClCompile Include="ZDWorkspaceWizardTemplateDocument.cpp">
      <Filter>Source Files</Filter>
    </ClCompile>
    <ClCompile Include="ZGTrace.c">
      <Filter>Source Files</Filter>
    </ClCompile>
    <ClCompile Include="zidialog.cpp">
      <Filter>Source Files</Filter>
    </ClCompile>
    <ClCompile Include="ZIDrop.cpp">
      <Filter>Source Files</Filter>
    </ClCompile>
    <ClCompile Include="ZIDropScrollView.cpp">
      <Filter>Source Files</Filter>
    </ClCompile>
    <ClCompile Include="ZIDropView.cpp">
      <Filter>Source Files</Filter>
    </ClCompile>
    <ClCompile Include="ZIEmptyView.cpp">
      <Filter>Source Files</Filter>
    </ClCompile>
    <ClCompile Include="ZIErrorLine.cpp">
      <Filter>Source Files</Filter>
    </ClCompile>
    <ClCompile Include="ZIHtmlView.cpp">
      <Filter>Source Files</Filter>
    </ClCompile>
    <ClCompile Include="zilistctrl.cpp">
      <Filter>Source Files</Filter>
    </ClCompile>
    <ClCompile Include="ZILog.cpp">
      <Filter>Source Files</Filter>
    </ClCompile>
    <ClCompile Include="ZIntelliListBox.cpp">
      <Filter>Source Files</Filter>
    </ClCompile>
    <ClCompile Include="ZIntelliMultiLineBox.cpp">
      <Filter>Source Files</Filter>
    </ClCompile>
    <ClCompile Include="ZIObserver.cpp">
      <Filter>Source Files</Filter>
    </ClCompile>
    <ClCompile Include="ZIObserverMsg.cpp">
      <Filter>Source Files</Filter>
    </ClCompile>
    <ClCompile Include="ZISubject.cpp">
      <Filter>Source Files</Filter>
    </ClCompile>
    <ClCompile Include="ZIToolTip.cpp">
      <Filter>Source Files</Filter>
    </ClCompile>
    <ClCompile Include="zitreectl.cpp">
      <Filter>Source Files</Filter>
    </ClCompile>
    <ClCompile Include="ZITreeView.cpp">
      <Filter>Source Files</Filter>
    </ClCompile>
    <ClCompile Include="ZIView.cpp">
      <Filter>Source Files</Filter>
    </ClCompile>
    <ClCompile Include="ZIViewCd.cpp">
      <Filter>Source Files</Filter>
    </ClCompile>
    <ClCompile Include="ZLVCombo.cpp">
      <Filter>Source Files</Filter>
    </ClCompile>
    <ClCompile Include="ZLVEdit.cpp">
      <Filter>Source Files</Filter>
    </ClCompile>
    <ClCompile Include="ZMessage.cpp">
      <Filter>Source Files</Filter>
    </ClCompile>
    <ClCompile Include="ZNetResource.cpp">
      <Filter>Source Files</Filter>
    </ClCompile>
    <ClCompile Include="ZNetResourceManager.cpp">
      <Filter>Source Files</Filter>
    </ClCompile>
    <ClCompile Include="ZNetResourceWrapper.cpp">
      <Filter>Source Files</Filter>
    </ClCompile>
    <ClCompile Include="ZNetwork.cpp">
      <Filter>Source Files</Filter>
    </ClCompile>
    <ClCompile Include="ZUFileLauncher.cpp">
      <Filter>Source Files</Filter>
    </ClCompile>
    <ClCompile Include="ZUFloatingToolbar.cpp">
      <Filter>Source Files</Filter>
    </ClCompile>
    <ClCompile Include="ZUGUID.cpp">
      <Filter>Source Files</Filter>
    </ClCompile>
    <ClCompile Include="zumail.cpp">
      <Filter>Source Files</Filter>
    </ClCompile>
    <ClCompile Include="ZUser.cpp">
      <Filter>Source Files</Filter>
    </ClCompile>
    <ClCompile Include="ZUStringFormater.cpp">
      <Filter>Source Files</Filter>
    </ClCompile>
    <ClCompile Include="ZUSystemOption.cpp">
      <Filter>Source Files</Filter>
    </ClCompile>
    <ClCompile Include="ZVBasicScrollView.cpp">
      <Filter>Source Files</Filter>
    </ClCompile>
    <ClCompile Include="ZVBasicView.cpp">
      <Filter>Source Files</Filter>
    </ClCompile>
    <ClCompile Include="ZVDocumentPageSetup.cpp">
      <Filter>Source Files</Filter>
    </ClCompile>
    <ClCompile Include="ZVDocumentPageSetupDlg.cpp">
      <Filter>Source Files</Filter>
    </ClCompile>
    <ClCompile Include="ZVManageValueIntelliEdit.cpp">
      <Filter>Source Files</Filter>
    </ClCompile>
    <ClCompile Include="ZVOutputView.cpp">
      <Filter>Source Files</Filter>
    </ClCompile>
    <ClCompile Include="ZVSpanView.cpp">
      <Filter>Source Files</Filter>
    </ClCompile>
    <ClCompile Include="ZVSpanWnd.cpp">
      <Filter>Source Files</Filter>
    </ClCompile>
    <ClCompile Include="ZVTreeListCtrl.cpp">
      <Filter>Source Files</Filter>
    </ClCompile>
    <ClCompile Include="ZVWorkspaceFileProperties.cpp">
      <Filter>Source Files</Filter>
    </ClCompile>
    <ClCompile Include="ZVWorkspaceGroupNameDlg.cpp">
      <Filter>Source Files</Filter>
    </ClCompile>
    <ClCompile Include="ZVWorkspaceRenameGroupNameDlg.cpp">
      <Filter>Source Files</Filter>
    </ClCompile>
    <ClCompile Include="PSS_StatusBar.cpp">
      <Filter>Source Files</Filter>
    </ClCompile>
    <ClCompile Include="PSS_ApplicationOption.cpp">
      <Filter>Source Files</Filter>
    </ClCompile>
    <ClCompile Include="PSS_BaseDocument.cpp">
      <Filter>Source Files</Filter>
    </ClCompile>
    <ClCompile Include="PSS_BaseMainFrame.cpp">
      <Filter>Source Files</Filter>
    </ClCompile>
    <ClCompile Include="PSS_BaseMDIPage.cpp">
      <Filter>Source Files</Filter>
    </ClCompile>
    <ClCompile Include="PSS_BaseTitleMDIPage.cpp">
      <Filter>Source Files</Filter>
    </ClCompile>
    <ClCompile Include="PSS_ObjectUtility.cpp">
      <Filter>Source Files</Filter>
    </ClCompile>
    <ClCompile Include="PSS_CommandLine.cpp">
      <Filter>Source Files</Filter>
    </ClCompile>
    <ClCompile Include="PSS_ColorBtn.cpp">
      <Filter>Source Files</Filter>
    </ClCompile>
    <ClCompile Include="PSS_DocumentData.cpp">
      <Filter>Source Files</Filter>
    </ClCompile>
    <ClCompile Include="PSS_DrawFunctions.c">
      <Filter>Source Files</Filter>
    </ClCompile>
    <ClCompile Include="PSS_DocumentOptions.cpp">
      <Filter>Source Files</Filter>
    </ClCompile>
    <ClCompile Include="PSS_DocTemplateEx.cpp">
      <Filter>Source Files</Filter>
    </ClCompile>
    <ClCompile Include="PSS_ProcessModelDocTmpl.cpp">
      <Filter>Source Files</Filter>
    </ClCompile>
    <ClCompile Include="PSS_Edit.cpp">
      <Filter>Source Files</Filter>
    </ClCompile>
    <ClCompile Include="PSS_Export.cpp">
      <Filter>Source Files</Filter>
    </ClCompile>
    <ClCompile Include="PSS_DocumentExport.cpp">
      <Filter>Source Files</Filter>
    </ClCompile>
    <ClCompile Include="PSS_UserExport.cpp">
      <Filter>Source Files</Filter>
    </ClCompile>
    <ClCompile Include="PSS_FieldRepository.cpp">
      <Filter>Source Files</Filter>
    </ClCompile>
    <ClCompile Include="PSS_File.cpp">
      <Filter>Source Files</Filter>
    </ClCompile>
    <ClCompile Include="PSS_FileBuffer.cpp">
      <Filter>Source Files</Filter>
    </ClCompile>
    <ClCompile Include="PSS_FileDialog.cpp">
      <Filter>Source Files</Filter>
    </ClCompile>
    <ClCompile Include="PSS_FileManager.cpp">
      <Filter>Source Files</Filter>
    </ClCompile>
    <ClCompile Include="PSS_FindFile.cpp">
      <Filter>Source Files</Filter>
    </ClCompile>
    <ClCompile Include="PSS_PaletteBar.cpp">
      <Filter>Source Files</Filter>
    </ClCompile>
    <ClCompile Include="PSS_FlatButton.cpp">
      <Filter>Source Files</Filter>
    </ClCompile>
    <ClCompile Include="PSS_FieldObjectDefinition.cpp">
      <Filter>Source Files</Filter>
    </ClCompile>
    <ClCompile Include="PSS_GlobalFieldManager.cpp">
      <Filter>Source Files</Filter>
    </ClCompile>
    <ClCompile Include="PSS_FolderStamp.cpp">
      <Filter>Source Files</Filter>
    </ClCompile>
    <ClCompile Include="PSS_ProcessDocumentOptions.cpp">
      <Filter>Source Files</Filter>
    </ClCompile>
    <ClCompile Include="PSS_PLFNBackImage.cpp">
      <Filter>Source Files</Filter>
    </ClCompile>
    <ClCompile Include="PSS_RegisterSetup.cpp">
      <Filter>Source Files</Filter>
    </ClCompile>
    <ClCompile Include="PSS_MsgBox.cpp">
      <Filter>Source Files</Filter>
    </ClCompile>
    <ClCompile Include="PSS_FLFDataFeed.cpp">
      <Filter>Source Files</Filter>
    </ClCompile>
    <ClCompile Include="PSS_Formula.cpp">
      <Filter>Source Files</Filter>
    </ClCompile>
    <ClCompile Include="PSS_FieldDefinitionDataFeed.cpp">
      <Filter>Source Files</Filter>
    </ClCompile>
    <ClCompile Include="PSS_GlobalFieldDocument.cpp">
      <Filter>Source Files</Filter>
    </ClCompile>
    <ClCompile Include="PSS_FieldValueDataFeed.cpp">
      <Filter>Source Files</Filter>
    </ClCompile>
    <ClCompile Include="PSS_HistoryField.cpp">
      <Filter>Source Files</Filter>
    </ClCompile>
    <ClCompile Include="PSS_HistoryFieldManager.cpp">
      <Filter>Source Files</Filter>
    </ClCompile>
    <ClCompile Include="PSS_InputValue.cpp">
      <Filter>Source Files</Filter>
    </ClCompile>
    <ClCompile Include="PSS_MailMessage.cpp">
      <Filter>Source Files</Filter>
    </ClCompile>
    <ClCompile Include="PSS_MemoryDC.cpp">
      <Filter>Source Files</Filter>
    </ClCompile>
    <ClCompile Include="PSS_WizardDialog.cpp">
      <Filter>Source Files</Filter>
    </ClCompile>
    <ClCompile Include="PSS_PaintOperations.cpp">
      <Filter>Source Files</Filter>
    </ClCompile>
    <ClCompile Include="PSS_PaintResources.cpp">
      <Filter>Source Files</Filter>
    </ClCompile>
    <ClCompile Include="PSS_MailFileDescription.cpp">
      <Filter>Source Files</Filter>
    </ClCompile>
    <ClCompile Include="PSS_MaskEditBase.cpp">
      <Filter>Source Files</Filter>
    </ClCompile>
    <ClCompile Include="PSS_ObsoletePLFNObj.cpp">
      <Filter>Source Files</Filter>
    </ClCompile>
    <ClCompile Include="PSS_OutlookBarView.cpp">
      <Filter>Source Files</Filter>
    </ClCompile>
    <ClCompile Include="PSS_OutlookSplitterWnd.cpp">
      <Filter>Source Files</Filter>
    </ClCompile>
    <ClCompile Include="PSS_MailUser.cpp">
      <Filter>Source Files</Filter>
    </ClCompile>
    <ClCompile Include="PSS_ActivityLogRecordSet.cpp">
      <Filter>Source Files</Filter>
    </ClCompile>
    <ClCompile Include="PSS_UserRecordSet.cpp">
      <Filter>Source Files</Filter>
    </ClCompile>
    <ClCompile Include="PSS_MailUserList.cpp">
      <Filter>Source Files</Filter>
    </ClCompile>
    <ClCompile Include="PSS_Splitter.cpp">
      <Filter>Source Files</Filter>
    </ClCompile>
    <ClCompile Include="PSS_Stamp.cpp">
      <Filter>Source Files</Filter>
    </ClCompile>
    <ClCompile Include="PSS_PlanFinObj.cpp">
      <Filter>Source Files</Filter>
    </ClCompile>
    <ClCompile Include="PSS_SingleInstanceApplication.cpp">
      <Filter>Source Files</Filter>
    </ClCompile>
    <ClCompile Include="PSS_SmartPtr.cpp">
      <Filter>Source Files</Filter>
    </ClCompile>
    <ClCompile Include="PSS_SpecialHelpWnd.cpp">
      <Filter>Source Files</Filter>
    </ClCompile>
    <ClCompile Include="PSS_SystemTrayWnd.cpp">
      <Filter>Source Files</Filter>
    </ClCompile>
    <ClCompile Include="PSS_TemplateDir.cpp">
      <Filter>Source Files</Filter>
    </ClCompile>
    <ClCompile Include="PSS_TemplateFile.cpp">
      <Filter>Source Files</Filter>
    </ClCompile>
    <ClCompile Include="PSS_TemplateManager.cpp">
      <Filter>Source Files</Filter>
    </ClCompile>
    <ClCompile Include="PSS_UserLoader.cpp">
      <Filter>Source Files</Filter>
    </ClCompile>
    <ClCompile Include="PSS_UserManager.cpp">
      <Filter>Source Files</Filter>
    </ClCompile>
    <ClCompile Include="PSS_ReadView.cpp">
      <Filter>Source Files</Filter>
    </ClCompile>
  </ItemGroup>
  <ItemGroup>
    <None Include="res\clicktoc.cur">
      <Filter>Resource Files</Filter>
    </None>
    <None Include="res\cur27363.cur">
      <Filter>Resource Files</Filter>
    </None>
    <None Include="res\cursor1.cur">
      <Filter>Resource Files</Filter>
    </None>
    <None Include="res\SELECTOR.CUR">
      <Filter>Resource Files</Filter>
    </None>
    <None Include="res\ZBaseLib.rc2">
      <Filter>Resource Files</Filter>
    </None>
    <None Include="Uml\Basic Interfaces.vcx">
      <Filter>Packages</Filter>
    </None>
    <None Include="Uml\Controls Package.vcx">
      <Filter>Packages</Filter>
    </None>
    <None Include="Uml\Document.vcx">
      <Filter>Packages</Filter>
    </None>
    <None Include="Uml\Input Scenarios.vcx">
      <Filter>Packages</Filter>
    </None>
    <None Include="Uml\Log package.vcx">
      <Filter>Packages</Filter>
    </None>
    <None Include="Uml\Objects.vcx">
      <Filter>Packages</Filter>
    </None>
    <None Include="Uml\Properties Package.vcx">
      <Filter>Packages</Filter>
    </None>
    <None Include="Uml\Server.vcx">
      <Filter>Packages</Filter>
    </None>
    <None Include="Uml\User Package.vcx">
      <Filter>Packages</Filter>
    </None>
    <None Include="Uml\UserGroup Package.vcx">
      <Filter>Packages</Filter>
    </None>
    <None Include="Uml\Views Package.vcx">
      <Filter>Packages</Filter>
    </None>
    <None Include="Uml\Workspace Package.vcx">
      <Filter>Packages</Filter>
    </None>
    <None Include="Uml\ZBaseLib.vcp">
      <Filter>Packages</Filter>
    </None>
    <None Include="Uml\ZBaseLib.vcw">
      <Filter>Packages</Filter>
    </None>
    <None Include="Uml\Basic Views Class Diagram.vcd">
      <Filter>Diagrams</Filter>
    </None>
    <None Include="Uml\Document classes.vcd">
      <Filter>Diagrams</Filter>
    </None>
    <None Include="Uml\Edit Controls Classes.vcd">
      <Filter>Diagrams</Filter>
    </None>
    <None Include="Uml\Field Repository.vcd">
      <Filter>Diagrams</Filter>
    </None>
    <None Include="Uml\Form Objects.vcd">
      <Filter>Diagrams</Filter>
    </None>
    <None Include="Uml\Frame Class Diagram.vcd">
      <Filter>Diagrams</Filter>
    </None>
    <None Include="Uml\Input Scenarios classes.vcd">
      <Filter>Diagrams</Filter>
    </None>
    <None Include="Uml\Log Class Diagram.vcd">
      <Filter>Diagrams</Filter>
    </None>
    <None Include="Uml\Properties Class Diagram.vcd">
      <Filter>Diagrams</Filter>
    </None>
    <None Include="Uml\Server Options.vcd">
      <Filter>Diagrams</Filter>
    </None>
    <None Include="Uml\User and Group Management.vcd">
      <Filter>Diagrams</Filter>
    </None>
    <None Include="Uml\UserGroup Business Classes.vcd">
      <Filter>Diagrams</Filter>
    </None>
    <None Include="Uml\Views Classes.vcd">
      <Filter>Diagrams</Filter>
    </None>
    <None Include="Uml\Windows Controls Classes.vcd">
      <Filter>Diagrams</Filter>
    </None>
    <None Include="Uml\Workspace Business Classes.vcd">
      <Filter>Diagrams</Filter>
    </None>
    <None Include="Uml\Workspace Control Class Diagram.vcd">
      <Filter>Diagrams</Filter>
    </None>
    <None Include="cpp.hint" />
  </ItemGroup>
  <ItemGroup>
    <ResourceCompile Include="ZBaseLib.rc">
      <Filter>Source Files</Filter>
    </ResourceCompile>
  </ItemGroup>
  <ItemGroup>
    <ClInclude Include="StdAfx.h">
      <Filter>Header Files</Filter>
    </ClInclude>
    <ClInclude Include="VTools.h">
      <Filter>Header Files</Filter>
    </ClInclude>
    <ClInclude Include="WatchDir.h">
      <Filter>Header Files</Filter>
    </ClInclude>
    <ClInclude Include="ZAAscii.h">
      <Filter>Header Files</Filter>
    </ClInclude>
    <ClInclude Include="ZABitmap.h">
      <Filter>Header Files</Filter>
    </ClInclude>
    <ClInclude Include="ZABnText.h">
      <Filter>Header Files</Filter>
    </ClInclude>
    <ClInclude Include="ZABorder.h">
      <Filter>Header Files</Filter>
    </ClInclude>
    <ClInclude Include="ZACheck.h">
      <Filter>Header Files</Filter>
    </ClInclude>
    <ClInclude Include="ZAFont.h">
      <Filter>Header Files</Filter>
    </ClInclude>
    <ClInclude Include="ZAFontMg.h">
      <Filter>Header Files</Filter>
    </ClInclude>
    <ClInclude Include="ZAGlobal.h">
      <Filter>Header Files</Filter>
    </ClInclude>
    <ClInclude Include="ZAGraphc.h">
      <Filter>Header Files</Filter>
    </ClInclude>
    <ClInclude Include="ZAMATH.H">
      <Filter>Header Files</Filter>
    </ClInclude>
    <ClInclude Include="ZAMStr.h">
      <Filter>Header Files</Filter>
    </ClInclude>
    <ClInclude Include="ZAMultiC.h">
      <Filter>Header Files</Filter>
    </ClInclude>
    <ClInclude Include="ZANumbrd.h">
      <Filter>Header Files</Filter>
    </ClInclude>
    <ClInclude Include="ZAObject.h">
      <Filter>Header Files</Filter>
    </ClInclude>
    <ClInclude Include="ZARadio.h">
      <Filter>Header Files</Filter>
    </ClInclude>
    <ClInclude Include="ZAServerOptions.h">
      <Filter>Header Files</Filter>
    </ClInclude>
    <ClInclude Include="ZASquare.h">
      <Filter>Header Files</Filter>
    </ClInclude>
    <ClInclude Include="ZAString.h">
      <Filter>Header Files</Filter>
    </ClInclude>
    <ClInclude Include="ZAStyle.h">
      <Filter>Header Files</Filter>
    </ClInclude>
    <ClInclude Include="ZAStylMg.h">
      <Filter>Header Files</Filter>
    </ClInclude>
    <ClInclude Include="ZAText.h">
      <Filter>Header Files</Filter>
    </ClInclude>
    <ClInclude Include="ZATwoSts.h">
      <Filter>Header Files</Filter>
    </ClInclude>
    <ClInclude Include="zBaseLib.h">
      <Filter>Header Files</Filter>
    </ClInclude>
    <ClInclude Include="ZBaseLibRes.h">
      <Filter>Header Files</Filter>
    </ClInclude>
    <ClInclude Include="ZBCommandObserverMsg.h">
      <Filter>Header Files</Filter>
    </ClInclude>
    <ClInclude Include="ZBCriptedFileApplicationTypeInfo.h">
      <Filter>Header Files</Filter>
    </ClInclude>
    <ClInclude Include="ZBCriptedFileEvaluationAppInfo.h">
      <Filter>Header Files</Filter>
    </ClInclude>
    <ClInclude Include="ZBCriptedFileInfo.H">
      <Filter>Header Files</Filter>
    </ClInclude>
    <ClInclude Include="ZBCriptedLine.H">
      <Filter>Header Files</Filter>
    </ClInclude>
    <ClInclude Include="ZBDate.H">
      <Filter>Header Files</Filter>
    </ClInclude>
    <ClInclude Include="ZBDocumentObserverMsg.h">
      <Filter>Header Files</Filter>
    </ClInclude>
    <ClInclude Include="ZBDragEdit.h">
      <Filter>Header Files</Filter>
    </ClInclude>
    <ClInclude Include="ZBDuration.h">
      <Filter>Header Files</Filter>
    </ClInclude>
    <ClInclude Include="ZBEqualizeNumbers.h">
      <Filter>Header Files</Filter>
    </ClInclude>
    <ClInclude Include="ZBErrorLog.h">
      <Filter>Header Files</Filter>
    </ClInclude>
    <ClInclude Include="ZBFieldInputScenario.h">
      <Filter>Header Files</Filter>
    </ClInclude>
    <ClInclude Include="ZBFieldObserverMsg.h">
      <Filter>Header Files</Filter>
    </ClInclude>
    <ClInclude Include="ZBFldClM.h">
      <Filter>Header Files</Filter>
    </ClInclude>
    <ClInclude Include="ZBFldCol.h">
      <Filter>Header Files</Filter>
    </ClInclude>
    <ClInclude Include="ZBGenericErrorLine.h">
      <Filter>Header Files</Filter>
    </ClInclude>
    <ClInclude Include="ZBHistoricValue.h">
      <Filter>Header Files</Filter>
    </ClInclude>
    <ClInclude Include="ZBHistoricValueManager.h">
      <Filter>Header Files</Filter>
    </ClInclude>
    <ClInclude Include="ZBInputScenario.h">
      <Filter>Header Files</Filter>
    </ClInclude>
    <ClInclude Include="ZBInputScenarioSet.h">
      <Filter>Header Files</Filter>
    </ClInclude>
    <ClInclude Include="ZBitmap.h">
      <Filter>Header Files</Filter>
    </ClInclude>
    <ClInclude Include="ZBKeepStringUsage.h">
      <Filter>Header Files</Filter>
    </ClInclude>
    <ClInclude Include="ZBKeyboardObserverMsg.h">
      <Filter>Header Files</Filter>
    </ClInclude>
    <ClInclude Include="ZBMenuObserverMsg.h">
      <Filter>Header Files</Filter>
    </ClInclude>
    <ClInclude Include="ZBNotes.h">
      <Filter>Header Files</Filter>
    </ClInclude>
    <ClInclude Include="ZBPoint.h">
      <Filter>Header Files</Filter>
    </ClInclude>
    <ClInclude Include="ZBRect.h">
      <Filter>Header Files</Filter>
    </ClInclude>
    <ClInclude Include="ZBServer.h">
      <Filter>Header Files</Filter>
    </ClInclude>
    <ClInclude Include="ZBServerDisk.h">
      <Filter>Header Files</Filter>
    </ClInclude>
    <ClInclude Include="ZBSmartString.h">
      <Filter>Header Files</Filter>
    </ClInclude>
    <ClInclude Include="ZBStringFormat.h">
      <Filter>Header Files</Filter>
    </ClInclude>
    <ClInclude Include="ZBTimeSpan.H">
      <Filter>Header Files</Filter>
    </ClInclude>
    <ClInclude Include="ZBTokenizer.h">
      <Filter>Header Files</Filter>
    </ClInclude>
    <ClInclude Include="ZBToolbarObserverMsg.h">
      <Filter>Header Files</Filter>
    </ClInclude>
    <ClInclude Include="ZBWorkspaceEntity.h">
      <Filter>Header Files</Filter>
    </ClInclude>
    <ClInclude Include="ZBWorkspaceEnv.h">
      <Filter>Header Files</Filter>
    </ClInclude>
    <ClInclude Include="ZBWorkspaceFileEntity.h">
      <Filter>Header Files</Filter>
    </ClInclude>
    <ClInclude Include="ZBWorkspaceGroupEntity.h">
      <Filter>Header Files</Filter>
    </ClInclude>
    <ClInclude Include="ZBWorkspaceObserverMsg.h">
      <Filter>Header Files</Filter>
    </ClInclude>
    <ClInclude Include="ZBWorkspaceWizardTemplateItem.h">
      <Filter>Header Files</Filter>
    </ClInclude>
    <ClInclude Include="ZBWorkspaceWizardTemplateMg.h">
      <Filter>Header Files</Filter>
    </ClInclude>
    <ClInclude Include="zcgridctrl.h">
      <Filter>Header Files</Filter>
    </ClInclude>
    <ClInclude Include="ZCIntelliEdit.h">
      <Filter>Header Files</Filter>
    </ClInclude>
    <ClInclude Include="ZCMultiLineEdit.h">
      <Filter>Header Files</Filter>
    </ClInclude>
    <ClInclude Include="ZConfigW.h">
      <Filter>Header Files</Filter>
    </ClInclude>
    <ClInclude Include="ZCWorkspaceTreeCtrl.h">
      <Filter>Header Files</Filter>
    </ClInclude>
    <ClInclude Include="ZDDoc.h">
      <Filter>Header Files</Filter>
    </ClInclude>
    <ClInclude Include="ZDHistoricValueDocument.h">
      <Filter>Header Files</Filter>
    </ClInclude>
    <ClInclude Include="ZDIB.h">
      <Filter>Header Files</Filter>
    </ClInclude>
    <ClInclude Include="ZDirectory.h">
      <Filter>Header Files</Filter>
    </ClInclude>
    <ClInclude Include="ZDTextFile.h">
      <Filter>Header Files</Filter>
    </ClInclude>
    <ClInclude Include="ZDWorkspaceEnvDocument.h">
      <Filter>Header Files</Filter>
    </ClInclude>
    <ClInclude Include="ZDWorkspaceWizardTemplateDocument.h">
      <Filter>Header Files</Filter>
    </ClInclude>
    <ClInclude Include="ZGTrace.H">
      <Filter>Header Files</Filter>
    </ClInclude>
    <ClInclude Include="zidialog.h">
      <Filter>Header Files</Filter>
    </ClInclude>
    <ClInclude Include="ZIDrop.h">
      <Filter>Header Files</Filter>
    </ClInclude>
    <ClInclude Include="ZIDropScrollView.h">
      <Filter>Header Files</Filter>
    </ClInclude>
    <ClInclude Include="ZIDropView.h">
      <Filter>Header Files</Filter>
    </ClInclude>
    <ClInclude Include="ZIEmptyView.h">
      <Filter>Header Files</Filter>
    </ClInclude>
    <ClInclude Include="ZIErrorLine.h">
      <Filter>Header Files</Filter>
    </ClInclude>
    <ClInclude Include="ZIHtmlView.h">
      <Filter>Header Files</Filter>
    </ClInclude>
    <ClInclude Include="zilistctrl.h">
      <Filter>Header Files</Filter>
    </ClInclude>
    <ClInclude Include="ZILog.h">
      <Filter>Header Files</Filter>
    </ClInclude>
    <ClInclude Include="ZIntelliListBox.h">
      <Filter>Header Files</Filter>
    </ClInclude>
    <ClInclude Include="ZIntelliMultiLineBox.h">
      <Filter>Header Files</Filter>
    </ClInclude>
    <ClInclude Include="ZIObserver.h">
      <Filter>Header Files</Filter>
    </ClInclude>
    <ClInclude Include="ZIObserverMsg.h">
      <Filter>Header Files</Filter>
    </ClInclude>
    <ClInclude Include="ZISubject.h">
      <Filter>Header Files</Filter>
    </ClInclude>
    <ClInclude Include="ZIToolTip.h">
      <Filter>Header Files</Filter>
    </ClInclude>
    <ClInclude Include="zitreectl.h">
      <Filter>Header Files</Filter>
    </ClInclude>
    <ClInclude Include="ZITreeView.h">
      <Filter>Header Files</Filter>
    </ClInclude>
    <ClInclude Include="ZIView.h">
      <Filter>Header Files</Filter>
    </ClInclude>
    <ClInclude Include="ZIViewCd.h">
      <Filter>Header Files</Filter>
    </ClInclude>
    <ClInclude Include="ZLVCombo.h">
      <Filter>Header Files</Filter>
    </ClInclude>
    <ClInclude Include="ZLVEdit.h">
      <Filter>Header Files</Filter>
    </ClInclude>
    <ClInclude Include="ZMessage.h">
      <Filter>Header Files</Filter>
    </ClInclude>
    <ClInclude Include="ZNetResource.h">
      <Filter>Header Files</Filter>
    </ClInclude>
    <ClInclude Include="ZNetResourceManager.h">
      <Filter>Header Files</Filter>
    </ClInclude>
    <ClInclude Include="ZNetResourceWrapper.h">
      <Filter>Header Files</Filter>
    </ClInclude>
    <ClInclude Include="ZNetWork.h">
      <Filter>Header Files</Filter>
    </ClInclude>
    <ClInclude Include="zPtrList.h">
      <Filter>Header Files</Filter>
    </ClInclude>
    <ClInclude Include="ZUFileLauncher.h">
      <Filter>Header Files</Filter>
    </ClInclude>
    <ClInclude Include="ZUFloatingToolbar.h">
      <Filter>Header Files</Filter>
    </ClInclude>
    <ClInclude Include="ZUGUID.h">
      <Filter>Header Files</Filter>
    </ClInclude>
    <ClInclude Include="zumail.h">
      <Filter>Header Files</Filter>
    </ClInclude>
    <ClInclude Include="ZUser.h">
      <Filter>Header Files</Filter>
    </ClInclude>
    <ClInclude Include="ZUStringFormater.h">
      <Filter>Header Files</Filter>
    </ClInclude>
    <ClInclude Include="ZUSystemOption.h">
      <Filter>Header Files</Filter>
    </ClInclude>
    <ClInclude Include="ZVBasicScrollView.h">
      <Filter>Header Files</Filter>
    </ClInclude>
    <ClInclude Include="ZVBasicView.h">
      <Filter>Header Files</Filter>
    </ClInclude>
    <ClInclude Include="ZVDocumentPageSetup.h">
      <Filter>Header Files</Filter>
    </ClInclude>
    <ClInclude Include="ZVDocumentPageSetupDlg.h">
      <Filter>Header Files</Filter>
    </ClInclude>
    <ClInclude Include="ZVManageValueIntelliEdit.h">
      <Filter>Header Files</Filter>
    </ClInclude>
    <ClInclude Include="ZVOutputView.h">
      <Filter>Header Files</Filter>
    </ClInclude>
    <ClInclude Include="ZVSpanView.h">
      <Filter>Header Files</Filter>
    </ClInclude>
    <ClInclude Include="ZVSpanWnd.h">
      <Filter>Header Files</Filter>
    </ClInclude>
    <ClInclude Include="ZVTreeListCtrl.h">
      <Filter>Header Files</Filter>
    </ClInclude>
    <ClInclude Include="ZVWorkspaceFileProperties.h">
      <Filter>Header Files</Filter>
    </ClInclude>
    <ClInclude Include="ZVWorkspaceGroupNameDlg.h">
      <Filter>Header Files</Filter>
    </ClInclude>
    <ClInclude Include="ZVWorkspaceRenameGroupNameDlg.h">
      <Filter>Header Files</Filter>
    </ClInclude>
    <ClInclude Include="PSS_StatusBar.h">
      <Filter>Header Files</Filter>
    </ClInclude>
    <ClInclude Include="PSS_ApplicationOption.h">
      <Filter>Header Files</Filter>
    </ClInclude>
    <ClInclude Include="PSS_BaseDocument.h">
      <Filter>Header Files</Filter>
    </ClInclude>
    <ClInclude Include="PSS_BaseMainFrame.h">
      <Filter>Header Files</Filter>
    </ClInclude>
    <ClInclude Include="PSS_BaseMDIPage.h">
      <Filter>Header Files</Filter>
    </ClInclude>
    <ClInclude Include="PSS_BaseTitleMDIPage.h">
      <Filter>Header Files</Filter>
    </ClInclude>
    <ClInclude Include="PSS_ObjectUtility.h">
      <Filter>Header Files</Filter>
    </ClInclude>
    <ClInclude Include="PSS_CommandLine.h">
      <Filter>Header Files</Filter>
    </ClInclude>
    <ClInclude Include="PSS_ColorBtn.h">
      <Filter>Header Files</Filter>
    </ClInclude>
    <ClInclude Include="PSS_DocumentData.h">
      <Filter>Header Files</Filter>
    </ClInclude>
    <ClInclude Include="PSS_DrawFunctions.h">
      <Filter>Header Files</Filter>
    </ClInclude>
    <ClInclude Include="PSS_DocumentOptions.h">
      <Filter>Header Files</Filter>
    </ClInclude>
    <ClInclude Include="PSS_DocTemplateEx.h">
      <Filter>Header Files</Filter>
    </ClInclude>
    <ClInclude Include="PSS_ProcessModelDocTmpl.h">
      <Filter>Header Files</Filter>
    </ClInclude>
    <ClInclude Include="PSS_Edit.h">
      <Filter>Header Files</Filter>
    </ClInclude>
    <ClInclude Include="PSS_Export.h">
      <Filter>Header Files</Filter>
    </ClInclude>
    <ClInclude Include="PSS_DocumentExport.h">
      <Filter>Header Files</Filter>
    </ClInclude>
    <ClInclude Include="PSS_UserExport.h">
      <Filter>Header Files</Filter>
    </ClInclude>
    <ClInclude Include="PSS_FieldRepository.h">
      <Filter>Header Files</Filter>
    </ClInclude>
    <ClInclude Include="PSS_File.h">
      <Filter>Header Files</Filter>
    </ClInclude>
    <ClInclude Include="PSS_FileBuffer.h">
      <Filter>Header Files</Filter>
    </ClInclude>
    <ClInclude Include="PSS_FileDialog.h">
      <Filter>Header Files</Filter>
    </ClInclude>
    <ClInclude Include="PSS_FileManager.h">
      <Filter>Header Files</Filter>
    </ClInclude>
    <ClInclude Include="PSS_FindFile.h">
      <Filter>Header Files</Filter>
    </ClInclude>
    <ClInclude Include="PSS_PaletteBar.h">
      <Filter>Header Files</Filter>
    </ClInclude>
    <ClInclude Include="PSS_FlatButton.h">
      <Filter>Header Files</Filter>
    </ClInclude>
    <ClInclude Include="PSS_FieldObjectDefinition.h">
      <Filter>Header Files</Filter>
    </ClInclude>
    <ClInclude Include="PSS_GlobalFieldManager.h">
      <Filter>Header Files</Filter>
    </ClInclude>
    <ClInclude Include="PSS_FolderStamp.h">
      <Filter>Header Files</Filter>
    </ClInclude>
    <ClInclude Include="PSS_ProcessDocumentOptions.h">
      <Filter>Header Files</Filter>
    </ClInclude>
    <ClInclude Include="PSS_PLFNBackImage.h">
      <Filter>Header Files</Filter>
    </ClInclude>
    <ClInclude Include="PSS_RegisterSetup.h">
      <Filter>Header Files</Filter>
    </ClInclude>
    <ClInclude Include="PSS_MsgBox.h">
      <Filter>Header Files</Filter>
    </ClInclude>
    <ClInclude Include="PSS_FLFDataFeed.h">
      <Filter>Header Files</Filter>
    </ClInclude>
    <ClInclude Include="PSS_Formula.h">
      <Filter>Header Files</Filter>
    </ClInclude>
    <ClInclude Include="PSS_FieldDefinitionDataFeed.h">
      <Filter>Header Files</Filter>
    </ClInclude>
    <ClInclude Include="PSS_GlobalFieldDocument.h">
      <Filter>Header Files</Filter>
    </ClInclude>
    <ClInclude Include="PSS_FieldValueDataFeed.h">
      <Filter>Header Files</Filter>
    </ClInclude>
    <ClInclude Include="PSS_HistoryField.h">
      <Filter>Header Files</Filter>
    </ClInclude>
    <ClInclude Include="PSS_HistoryFieldManager.h">
      <Filter>Header Files</Filter>
    </ClInclude>
    <ClInclude Include="PSS_InputValue.h">
      <Filter>Header Files</Filter>
    </ClInclude>
    <ClInclude Include="PSS_MailMessage.h">
      <Filter>Header Files</Filter>
    </ClInclude>
    <ClInclude Include="PSS_MemoryDC.h">
      <Filter>Header Files</Filter>
    </ClInclude>
    <ClInclude Include="PSS_WizardDialog.h">
      <Filter>Header Files</Filter>
    </ClInclude>
    <ClInclude Include="PSS_PaintOperations.h">
      <Filter>Header Files</Filter>
    </ClInclude>
    <ClInclude Include="PSS_PaintResources.h">
      <Filter>Header Files</Filter>
    </ClInclude>
    <ClInclude Include="PSS_MailFileDescription.h">
      <Filter>Header Files</Filter>
    </ClInclude>
    <ClInclude Include="PSS_MaskEditBase.h">
      <Filter>Header Files</Filter>
    </ClInclude>
    <ClInclude Include="PSS_ObsoletePLFNObj.h">
      <Filter>Header Files</Filter>
    </ClInclude>
    <ClInclude Include="PSS_OutlookBarView.h">
      <Filter>Header Files</Filter>
    </ClInclude>
    <ClInclude Include="PSS_OutlookSplitterWnd.h">
      <Filter>Header Files</Filter>
    </ClInclude>
    <ClInclude Include="PSS_MailUser.h">
      <Filter>Header Files</Filter>
    </ClInclude>
    <ClInclude Include="PSS_ActivityLogRecordSet.h">
      <Filter>Header Files</Filter>
    </ClInclude>
    <ClInclude Include="PSS_UserRecordSet.h">
      <Filter>Header Files</Filter>
    </ClInclude>
    <ClInclude Include="PSS_MailUserList.h">
      <Filter>Header Files</Filter>
    </ClInclude>
    <ClInclude Include="PSS_Splitter.h">
      <Filter>Header Files</Filter>
    </ClInclude>
    <ClInclude Include="PSS_Stamp.h">
      <Filter>Header Files</Filter>
    </ClInclude>
    <ClInclude Include="PSS_PlanFinObj.h">
      <Filter>Header Files</Filter>
    </ClInclude>
    <ClInclude Include="PSS_SingleInstanceApplication.h">
      <Filter>Header Files</Filter>
    </ClInclude>
    <ClInclude Include="PSS_SmartPtr.h">
      <Filter>Header Files</Filter>
    </ClInclude>
    <ClInclude Include="PSS_SpecialHelpWnd.h">
      <Filter>Header Files</Filter>
    </ClInclude>
    <ClInclude Include="PSS_SystemTrayWnd.h">
      <Filter>Header Files</Filter>
    </ClInclude>
    <ClInclude Include="PSS_TemplateDir.h">
      <Filter>Header Files</Filter>
    </ClInclude>
    <ClInclude Include="PSS_TemplateFile.h">
      <Filter>Header Files</Filter>
    </ClInclude>
    <ClInclude Include="PSS_TemplateManager.h">
      <Filter>Header Files</Filter>
    </ClInclude>
    <ClInclude Include="PSS_UserLoader.h">
      <Filter>Header Files</Filter>
    </ClInclude>
    <ClInclude Include="PSS_UserManager.h">
      <Filter>Header Files</Filter>
    </ClInclude>
    <ClInclude Include="PSS_ReadView.h">
      <Filter>Header Files</Filter>
    </ClInclude>
  </ItemGroup>
  <ItemGroup>
    <Image Include="res\ANILOADB.BMP">
      <Filter>Resource Files</Filter>
    </Image>
    <Image Include="res\attruser.bmp">
      <Filter>Resource Files</Filter>
    </Image>
    <Image Include="res\bitmap1.bmp">
      <Filter>Resource Files</Filter>
    </Image>
    <Image Include="res\bmp00001.bmp">
      <Filter>Resource Files</Filter>
    </Image>
    <Image Include="res\bmp00002.bmp">
      <Filter>Resource Files</Filter>
    </Image>
    <Image Include="res\bmp00003.bmp">
      <Filter>Resource Files</Filter>
    </Image>
    <Image Include="res\BMP00004.BMP">
      <Filter>Resource Files</Filter>
    </Image>
    <Image Include="res\BMP00005.BMP">
      <Filter>Resource Files</Filter>
    </Image>
    <Image Include="res\BMP00006.BMP">
      <Filter>Resource Files</Filter>
    </Image>
    <Image Include="res\BMP00007.BMP">
      <Filter>Resource Files</Filter>
    </Image>
    <Image Include="res\bmp00008.bmp">
      <Filter>Resource Files</Filter>
    </Image>
    <Image Include="res\btnarrow.bmp">
      <Filter>Resource Files</Filter>
    </Image>
    <Image Include="res\btnspedi.bmp">
      <Filter>Resource Files</Filter>
    </Image>
    <Image Include="res\cancel_p.bmp">
      <Filter>Resource Files</Filter>
    </Image>
    <Image Include="res\GREENLIG.BMP">
      <Filter>Resource Files</Filter>
    </Image>
    <Image Include="res\HIDDEN.BMP">
      <Filter>Resource Files</Filter>
    </Image>
    <Image Include="res\ICO00001.ICO">
      <Filter>Resource Files</Filter>
    </Image>
    <Image Include="res\ICO00002.ICO">
      <Filter>Resource Files</Filter>
    </Image>
    <Image Include="res\ICO00003.ICO">
      <Filter>Resource Files</Filter>
    </Image>
    <Image Include="res\ICO00004.ICO">
      <Filter>Resource Files</Filter>
    </Image>
    <Image Include="res\ICO00005.ICO">
      <Filter>Resource Files</Filter>
    </Image>
    <Image Include="res\ICO00006.ICO">
      <Filter>Resource Files</Filter>
    </Image>
    <Image Include="res\ICO00007.ICO">
      <Filter>Resource Files</Filter>
    </Image>
    <Image Include="res\ICO00008.ICO">
      <Filter>Resource Files</Filter>
    </Image>
    <Image Include="res\icon1.ico">
      <Filter>Resource Files</Filter>
    </Image>
    <Image Include="res\ICONAPP1.ICO">
      <Filter>Resource Files</Filter>
    </Image>
    <Image Include="res\ICONAPP2.ICO">
      <Filter>Resource Files</Filter>
    </Image>
    <Image Include="res\ICONAPP3.ICO">
      <Filter>Resource Files</Filter>
    </Image>
    <Image Include="res\ICONAPP4.ICO">
      <Filter>Resource Files</Filter>
    </Image>
    <Image Include="res\ICONAPP5.ICO">
      <Filter>Resource Files</Filter>
    </Image>
    <Image Include="res\ICONAPP6.ICO">
      <Filter>Resource Files</Filter>
    </Image>
    <Image Include="res\ICONAPP7.ICO">
      <Filter>Resource Files</Filter>
    </Image>
    <Image Include="res\ICONAPP_.ICO">
      <Filter>Resource Files</Filter>
    </Image>
    <Image Include="res\ID_CANCE.BMP">
      <Filter>Resource Files</Filter>
    </Image>
    <Image Include="res\ID_OK_PR.BMP">
      <Filter>Resource Files</Filter>
    </Image>
    <Image Include="res\il_userg.bmp">
      <Filter>Resource Files</Filter>
    </Image>
    <Image Include="res\il_works.bmp">
      <Filter>Resource Files</Filter>
    </Image>
    <Image Include="res\LOCKED.BMP">
      <Filter>Resource Files</Filter>
    </Image>
    <Image Include="res\notes.bmp">
      <Filter>Resource Files</Filter>
    </Image>
    <Image Include="res\PrestationsIcons.bmp">
      <Filter>Resource Files</Filter>
    </Image>
    <Image Include="res\PRINTER.BMP">
      <Filter>Resource Files</Filter>
    </Image>
    <Image Include="res\REDLIGHT.BMP">
      <Filter>Resource Files</Filter>
    </Image>
    <Image Include="res\RulesIcons.bmp">
      <Filter>Resource Files</Filter>
    </Image>
    <Image Include="res\TIPS.ICO">
      <Filter>Resource Files</Filter>
    </Image>
    <Image Include="res\tips10.ico">
      <Filter>Resource Files</Filter>
    </Image>
    <Image Include="res\tips11.ico">
      <Filter>Resource Files</Filter>
    </Image>
    <Image Include="res\tips12.ico">
      <Filter>Resource Files</Filter>
    </Image>
    <Image Include="res\tips13.ico">
      <Filter>Resource Files</Filter>
    </Image>
    <Image Include="res\tips14.ico">
      <Filter>Resource Files</Filter>
    </Image>
    <Image Include="res\tips15.ico">
      <Filter>Resource Files</Filter>
    </Image>
    <Image Include="res\tips16.ico">
      <Filter>Resource Files</Filter>
    </Image>
    <Image Include="res\TIPS2.ICO">
      <Filter>Resource Files</Filter>
    </Image>
    <Image Include="res\TIPS3.ICO">
      <Filter>Resource Files</Filter>
    </Image>
    <Image Include="res\TIPS4.ICO">
      <Filter>Resource Files</Filter>
    </Image>
    <Image Include="res\TIPS5.ICO">
      <Filter>Resource Files</Filter>
    </Image>
    <Image Include="res\TIPS6.ICO">
      <Filter>Resource Files</Filter>
    </Image>
    <Image Include="res\tips7.ico">
      <Filter>Resource Files</Filter>
    </Image>
    <Image Include="res\tips8.ico">
      <Filter>Resource Files</Filter>
    </Image>
    <Image Include="res\tips9.ico">
      <Filter>Resource Files</Filter>
    </Image>
  </ItemGroup>
  <ItemGroup>
    <CustomBuild Include="ZBaseLib.def">
      <Filter>Source Files</Filter>
    </CustomBuild>
    <CustomBuild Include="ZBaseLibD.def">
      <Filter>Source Files</Filter>
    </CustomBuild>
  </ItemGroup>
</Project>