<?xml version="1.0" encoding="utf-8"?>
<Project ToolsVersion="4.0" xmlns="http://schemas.microsoft.com/developer/msbuild/2003">
  <ItemGroup>
    <Filter Include="Source Files">
      <UniqueIdentifier>{bedc6c7d-f00c-4829-8fa8-f148b6dace58}</UniqueIdentifier>
      <Extensions>cpp;c;cxx;rc;def;r;odl;idl;hpj;bat</Extensions>
    </Filter>
    <Filter Include="Header Files">
      <UniqueIdentifier>{a4ab8221-7de5-496e-b1d1-2d388ef6cbd6}</UniqueIdentifier>
      <Extensions>h;hpp;hxx;hm;inl</Extensions>
    </Filter>
    <Filter Include="Resource Files">
      <UniqueIdentifier>{f642bba3-f8a9-4304-b4cc-a152dab0c4e5}</UniqueIdentifier>
      <Extensions>ico;cur;bmp;dlg;rc2;rct;bin;rgs;gif;jpg;jpeg;jpe</Extensions>
    </Filter>
    <Filter Include="Packages">
      <UniqueIdentifier>{b064141d-12cd-4294-9a0e-3dfa23032b12}</UniqueIdentifier>
      <Extensions>vcx;vcp;vcw</Extensions>
    </Filter>
  </ItemGroup>
  <ItemGroup>
    <ClCompile Include="actlogFl.cpp">
      <Filter>Source Files</Filter>
    </ClCompile>
    <ClCompile Include="EventManager.cpp">
      <Filter>Source Files</Filter>
    </ClCompile>
    <ClCompile Include="EventQueueManager.cpp">
      <Filter>Source Files</Filter>
    </ClCompile>
    <ClCompile Include="HistoryActivityRecordSet.cpp">
      <Filter>Source Files</Filter>
    </ClCompile>
    <ClCompile Include="HistoryActivityRecordSetv99.cpp">
      <Filter>Source Files</Filter>
    </ClCompile>
    <ClCompile Include="HistoryActivityStatusRecordSet.cpp">
      <Filter>Source Files</Filter>
    </ClCompile>
    <ClCompile Include="HistoryFolderStatusRecordSet.cpp">
      <Filter>Source Files</Filter>
    </ClCompile>
    <ClCompile Include="HistoryProcessRecordSet.cpp">
      <Filter>Source Files</Filter>
    </ClCompile>
    <ClCompile Include="HistoryProcessRecordSetv99.cpp">
      <Filter>Source Files</Filter>
    </ClCompile>
    <ClCompile Include="HistoryProcessStatusRecordSet.cpp">
      <Filter>Source Files</Filter>
    </ClCompile>
    <ClCompile Include="HistoryProcessStatusRecordSetv99.cpp">
      <Filter>Source Files</Filter>
    </ClCompile>
    <ClCompile Include="ProcHisto.cpp">
      <Filter>Source Files</Filter>
    </ClCompile>
    <ClCompile Include="ProcHistoDAO.cpp">
      <Filter>Source Files</Filter>
    </ClCompile>
    <ClCompile Include="SrvEvtManager.cpp">
      <Filter>Source Files</Filter>
    </ClCompile>
    <ClCompile Include="StdAfx.cpp">
      <Filter>Source Files</Filter>
    </ClCompile>
    <ClCompile Include="UserDMng.cpp">
      <Filter>Source Files</Filter>
    </ClCompile>
    <ClCompile Include="UserQueueManager.cpp">
      <Filter>Source Files</Filter>
    </ClCompile>
    <ClCompile Include="ZBEventServer.cpp">
      <Filter>Source Files</Filter>
    </ClCompile>
    <ClCompile Include="ZDActivityLogRecordset.cpp">
      <Filter>Source Files</Filter>
    </ClCompile>
    <ClCompile Include="ZEvent.cpp">
      <Filter>Source Files</Filter>
    </ClCompile>
    <ClCompile Include="ZProcess.cpp">
      <Filter>Source Files</Filter>
    </ClCompile>
    <ClCompile Include="PSS_ActivityLog.cpp">
      <Filter>Source Files</Filter>
    </ClCompile>
    <ClCompile Include="PSS_ActivityLogDatabase.cpp">
      <Filter>Source Files</Filter>
    </ClCompile>
    <ClCompile Include="PSS_ActivityEvent.cpp">
      <Filter>Source Files</Filter>
    </ClCompile>
    <ClCompile Include="PSS_ActivityEventFile.cpp">
      <Filter>Source Files</Filter>
    </ClCompile>
    <ClCompile Include="PSS_ActivityEventManager.cpp">
      <Filter>Source Files</Filter>
    </ClCompile>
    <ClCompile Include="PSS_Event.cpp">
      <Filter>Source Files</Filter>
    </ClCompile>
    <ClCompile Include="PSS_ActivityReminderEvent.cpp">
      <Filter>Source Files</Filter>
    </ClCompile>
    <ClCompile Include="PSS_ActivityMessageEventManager.cpp">
      <Filter>Source Files</Filter>
    </ClCompile>
    <ClCompile Include="PSS_EventFile.cpp">
      <Filter>Source Files</Filter>
    </ClCompile>
    <ClCompile Include="PSS_ActivityReminderEventManager.cpp">
      <Filter>Source Files</Filter>
    </ClCompile>
    <ClCompile Include="PSS_ActivityToDoEventManager.cpp">
      <Filter>Source Files</Filter>
    </ClCompile>
    <ClCompile Include="PSS_Activity.cpp">
      <Filter>Source Files</Filter>
    </ClCompile>
    <ClCompile Include="PSS_BaseActivity.cpp">
      <Filter>Source Files</Filter>
    </ClCompile>
    <ClCompile Include="PSS_ProcessIterator.cpp">
      <Filter>Source Files</Filter>
    </ClCompile>
    <ClCompile Include="PSS_ActivityResources.cpp">
      <Filter>Source Files</Filter>
    </ClCompile>
  </ItemGroup>
  <ItemGroup>
    <None Include="res\ZEvent.rc2">
      <Filter>Resource Files</Filter>
    </None>
    <None Include="Uml\ZEvent.vcp">
      <Filter>Packages</Filter>
    </None>
  </ItemGroup>
  <ItemGroup>
    <ResourceCompile Include="ZEvent.rc">
      <Filter>Source Files</Filter>
    </ResourceCompile>
  </ItemGroup>
  <ItemGroup>
    <ClInclude Include="ActLogFl.h">
      <Filter>Header Files</Filter>
    </ClInclude>
    <ClInclude Include="EventManager.h">
      <Filter>Header Files</Filter>
    </ClInclude>
    <ClInclude Include="EventQueueManager.h">
      <Filter>Header Files</Filter>
    </ClInclude>
    <ClInclude Include="HistoryActivityRecordSet.h">
      <Filter>Header Files</Filter>
    </ClInclude>
    <ClInclude Include="HistoryActivityRecordSetv99.h">
      <Filter>Header Files</Filter>
    </ClInclude>
    <ClInclude Include="HistoryActivityStatusRecordSet.h">
      <Filter>Header Files</Filter>
    </ClInclude>
    <ClInclude Include="HistoryFolderStatusRecordSet.h">
      <Filter>Header Files</Filter>
    </ClInclude>
    <ClInclude Include="HistoryProcessRecordSet.h">
      <Filter>Header Files</Filter>
    </ClInclude>
    <ClInclude Include="HistoryProcessRecordSetv99.h">
      <Filter>Header Files</Filter>
    </ClInclude>
    <ClInclude Include="HistoryProcessStatusRecordSet.h">
      <Filter>Header Files</Filter>
    </ClInclude>
    <ClInclude Include="HistoryProcessStatusRecordSetv99.h">
      <Filter>Header Files</Filter>
    </ClInclude>
    <ClInclude Include="ProcHisto.h">
      <Filter>Header Files</Filter>
    </ClInclude>
    <ClInclude Include="ProcHistoDAO.h">
      <Filter>Header Files</Filter>
    </ClInclude>
    <ClInclude Include="SrvEvtManager.h">
      <Filter>Header Files</Filter>
    </ClInclude>
    <ClInclude Include="StdAfx.h">
      <Filter>Header Files</Filter>
    </ClInclude>
    <ClInclude Include="UserDMng.h">
      <Filter>Header Files</Filter>
    </ClInclude>
    <ClInclude Include="UserQueueManager.h">
      <Filter>Header Files</Filter>
    </ClInclude>
    <ClInclude Include="ZBEventServer.h">
      <Filter>Header Files</Filter>
    </ClInclude>
    <ClInclude Include="ZDActivityLogRecordset.h">
      <Filter>Header Files</Filter>
    </ClInclude>
    <ClInclude Include="zEventLib.h">
      <Filter>Header Files</Filter>
    </ClInclude>
    <ClInclude Include="ZEvtRes.h">
      <Filter>Header Files</Filter>
    </ClInclude>
    <ClInclude Include="ZProcess.h">
      <Filter>Header Files</Filter>
    </ClInclude>
    <ClInclude Include="PSS_ActivityLog.h">
      <Filter>Header Files</Filter>
    </ClInclude>
    <ClInclude Include="PSS_ActivityLogDatabase.h">
      <Filter>Header Files</Filter>
    </ClInclude>
    <ClInclude Include="PSS_ActivityEvent.h">
      <Filter>Header Files</Filter>
    </ClInclude>
    <ClInclude Include="PSS_ActivityEventFile.h">
      <Filter>Header Files</Filter>
    </ClInclude>
    <ClInclude Include="PSS_ActivityEventManager.h">
      <Filter>Header Files</Filter>
    </ClInclude>
    <ClInclude Include="PSS_Event.h">
      <Filter>Header Files</Filter>
    </ClInclude>
    <ClInclude Include="PSS_ActivityReminderEvent.h">
      <Filter>Header Files</Filter>
    </ClInclude>
    <ClInclude Include="PSS_ActivityMessageEventManager.h">
      <Filter>Header Files</Filter>
    </ClInclude>
    <ClInclude Include="PSS_EventFile.h">
      <Filter>Header Files</Filter>
    </ClInclude>
    <ClInclude Include="PSS_ActivityReminderEventManager.h">
      <Filter>Header Files</Filter>
    </ClInclude>
    <ClInclude Include="PSS_ActivityToDoEventManager.h">
      <Filter>Header Files</Filter>
    </ClInclude>
    <ClInclude Include="PSS_Activity.h">
      <Filter>Header Files</Filter>
    </ClInclude>
    <ClInclude Include="PSS_BaseActivity.h">
      <Filter>Header Files</Filter>
    </ClInclude>
    <ClInclude Include="PSS_ProcessIterator.h">
      <Filter>Header Files</Filter>
    </ClInclude>
    <ClInclude Include="PSS_ActivityResources.h">
      <Filter>Header Files</Filter>
    </ClInclude>
  </ItemGroup>
  <ItemGroup>
    <Image Include="activity.bmp">
      <Filter>Resource Files</Filter>
    </Image>
    <Image Include="processi.bmp">
      <Filter>Resource Files</Filter>
    </Image>
    <Image Include="useritem.bmp">
      <Filter>Resource Files</Filter>
    </Image>
  </ItemGroup>
  <ItemGroup>
    <CustomBuild Include="ZEvent.def">
      <Filter>Source Files</Filter>
    </CustomBuild>
    <CustomBuild Include="ZEventD.def">
      <Filter>Source Files</Filter>
    </CustomBuild>
  </ItemGroup>
</Project>