<?xml version="1.0" encoding="utf-8"?>
<Project ToolsVersion="4.0" xmlns="http://schemas.microsoft.com/developer/msbuild/2003">
  <ItemGroup>
    <Filter Include="Source Files">
      <UniqueIdentifier>{f7dfbe31-211b-4ea3-96f0-86ae5a5b0ed8}</UniqueIdentifier>
      <Extensions>cpp;c;cxx;rc;def;r;odl;idl;hpj;bat</Extensions>
    </Filter>
    <Filter Include="Header Files">
      <UniqueIdentifier>{6d14ef2f-1efc-419b-8bb0-1d1f5689e19e}</UniqueIdentifier>
      <Extensions>h;hpp;hxx;hm;inl</Extensions>
    </Filter>
    <Filter Include="Resource Files">
      <UniqueIdentifier>{282b6d24-6954-4e38-b310-9ee6cf268c97}</UniqueIdentifier>
      <Extensions>ico;cur;bmp;dlg;rc2;rct;bin;rgs;gif;jpg;jpeg;jpe</Extensions>
    </Filter>
  </ItemGroup>
  <ItemGroup>
    <ClCompile Include="StdAfx.cpp">
      <Filter>Source Files</Filter>
    </ClCompile>
    <ClCompile Include="zResMgr.cpp">
      <Filter>Source Files</Filter>
    </ClCompile>
    <ClCompile Include="PSS_ModuleVersion.cpp">
      <Filter>Source Files</Filter>
    </ClCompile>
    <ClCompile Include="PSS_ResourceManager.cpp">
      <Filter>Source Files</Filter>
    </ClCompile>
  </ItemGroup>
  <ItemGroup>
    <None Include="res\zResMgr.rc2">
      <Filter>Resource Files</Filter>
    </None>
  </ItemGroup>
  <ItemGroup>
    <ResourceCompile Include="zResMgr.rc">
      <Filter>Source Files</Filter>
    </ResourceCompile>
  </ItemGroup>
  <ItemGroup>
    <ClInclude Include="Resource.h">
      <Filter>Header Files</Filter>
    </ClInclude>
    <ClInclude Include="StdAfx.h">
      <Filter>Header Files</Filter>
    </ClInclude>
    <ClInclude Include="zResMgrLib.h">
      <Filter>Header Files</Filter>
    </ClInclude>
    <ClInclude Include="PSS_ModuleVersion.h">
      <Filter>Header Files</Filter>
    </ClInclude>
    <ClInclude Include="PSS_ResourceManager.h">
      <Filter>Header Files</Filter>
    </ClInclude>
  </ItemGroup>
  <ItemGroup>
    <CustomBuild Include="zResMgr.def">
      <Filter>Source Files</Filter>
    </CustomBuild>
    <CustomBuild Include="zResMgrD.def">
      <Filter>Source Files</Filter>
    </CustomBuild>
  </ItemGroup>
</Project>