<?xml version="1.0" encoding="utf-8"?>
<Project ToolsVersion="4.0" xmlns="http://schemas.microsoft.com/developer/msbuild/2003">
  <ItemGroup>
    <Filter Include="Source Files">
      <UniqueIdentifier>{d17d5286-bbbb-4c01-b17b-d37247d38b07}</UniqueIdentifier>
      <Extensions>cpp;c;cxx;rc;def;r;odl;idl;hpj;bat</Extensions>
    </Filter>
    <Filter Include="Header Files">
      <UniqueIdentifier>{1dcd592d-db4a-4bb2-bf87-06c02c89c08f}</UniqueIdentifier>
      <Extensions>h;hpp;hxx;hm;inl</Extensions>
    </Filter>
    <Filter Include="Resource Files">
      <UniqueIdentifier>{3431547d-b07b-495d-9456-f581a13d9bac}</UniqueIdentifier>
      <Extensions>ico;cur;bmp;dlg;rc2;rct;bin;rgs;gif;jpg;jpeg;jpe;sym</Extensions>
    </Filter>
    <Filter Include="Packages">
      <UniqueIdentifier>{8fde0e2b-13ab-4d1f-85bc-88cba884bd45}</UniqueIdentifier>
      <Extensions>vcx;vcp;vcw</Extensions>
    </Filter>
    <Filter Include="Diagrams">
      <UniqueIdentifier>{969db81e-1b3e-4853-9810-a3a0260d26dd}</UniqueIdentifier>
      <Extensions>vcd</Extensions>
    </Filter>
    <Filter Include="Diagrams No. 1">
      <UniqueIdentifier>{396bb57b-ca6f-40cf-9498-cc16f37ecd06}</UniqueIdentifier>
      <Extensions>vcd</Extensions>
    </Filter>
  </ItemGroup>
  <ItemGroup>
    <ClCompile Include="Maths.cpp">
      <Filter>Source Files</Filter>
    </ClCompile>
    <ClCompile Include="modeltreei.cpp">
      <Filter>Source Files</Filter>
    </ClCompile>
    <ClCompile Include="ProcGraphChildFrm.cpp">
      <Filter>Source Files</Filter>
    </ClCompile>
    <ClCompile Include="ProcGraphModelCtlr.cpp">
      <Filter>Source Files</Filter>
    </ClCompile>
    <ClCompile Include="ProcGraphModelDoc.cpp">
      <Filter>Source Files</Filter>
    </ClCompile>
    <ClCompile Include="ProcGraphModelMdl.cpp">
      <Filter>Source Files</Filter>
    </ClCompile>
    <ClCompile Include="ProcGraphModelView.cpp">
      <Filter>Source Files</Filter>
    </ClCompile>
    <ClCompile Include="ProcGraphModelVp.cpp">
      <Filter>Source Files</Filter>
    </ClCompile>
    <ClCompile Include="StdAfx.cpp">
      <Filter>Source Files</Filter>
    </ClCompile>
    <ClCompile Include="ZAModelGlobal.cpp">
      <Filter>Source Files</Filter>
    </ClCompile>
    <ClCompile Include="ZBBasicModelProp.cpp">
      <Filter>Source Files</Filter>
    </ClCompile>
    <ClCompile Include="ZBBasicProp.cpp">
      <Filter>Source Files</Filter>
    </ClCompile>
    <ClCompile Include="ZBDashLinkSymbol.cpp">
      <Filter>Source Files</Filter>
    </ClCompile>
    <ClCompile Include="ZBDocObserverMsg.cpp">
      <Filter>Source Files</Filter>
    </ClCompile>
    <ClCompile Include="ZBExtAppProp.cpp">
      <Filter>Source Files</Filter>
    </ClCompile>
    <ClCompile Include="ZBExtAppPropertyMgr.cpp">
      <Filter>Source Files</Filter>
    </ClCompile>
    <ClCompile Include="ZBExtApps.cpp">
      <Filter>Source Files</Filter>
    </ClCompile>
    <ClCompile Include="ZBExtFileProp.cpp">
      <Filter>Source Files</Filter>
    </ClCompile>
    <ClCompile Include="ZBExtFilePropertyMgr.cpp">
      <Filter>Source Files</Filter>
    </ClCompile>
    <ClCompile Include="ZBExtFiles.cpp">
      <Filter>Source Files</Filter>
    </ClCompile>
    <ClCompile Include="ZBGenericSymbolErrorLine.cpp">
      <Filter>Source Files</Filter>
    </ClCompile>
    <ClCompile Include="ZBInfoModelGraphicGeneration.cpp">
      <Filter>Source Files</Filter>
    </ClCompile>
    <ClCompile Include="ZBLanguageProp.cpp">
      <Filter>Source Files</Filter>
    </ClCompile>
    <ClCompile Include="ZBLinkSymbol.cpp">
      <Filter>Source Files</Filter>
    </ClCompile>
    <ClCompile Include="ZBLogicalPrestationsEntity.cpp">
      <Filter>Source Files</Filter>
    </ClCompile>
    <ClCompile Include="ZBLogicalPrestationsObserverMsg.cpp">
      <Filter>Source Files</Filter>
    </ClCompile>
    <ClCompile Include="ZBLogicalRulesEntity.cpp">
      <Filter>Source Files</Filter>
    </ClCompile>
    <ClCompile Include="ZBLogicalRulesObserverMsg.cpp">
      <Filter>Source Files</Filter>
    </ClCompile>
    <ClCompile Include="ZBLogicalSystemEntity.cpp">
      <Filter>Source Files</Filter>
    </ClCompile>
    <ClCompile Include="ZBLogicalSystemObserverMsg.cpp">
      <Filter>Source Files</Filter>
    </ClCompile>
    <ClCompile Include="ZBModelObserverMsg.cpp">
      <Filter>Source Files</Filter>
    </ClCompile>
    <ClCompile Include="ZBModelSet.cpp">
      <Filter>Source Files</Filter>
    </ClCompile>
    <ClCompile Include="ZBPageUnits.cpp">
      <Filter>Source Files</Filter>
    </ClCompile>
    <ClCompile Include="ZBPrestationsEntity.cpp">
      <Filter>Source Files</Filter>
    </ClCompile>
    <ClCompile Include="ZBRulesEntity.cpp">
      <Filter>Source Files</Filter>
    </ClCompile>
    <ClCompile Include="ZBSearchSymbolLogLine.cpp">
      <Filter>Source Files</Filter>
    </ClCompile>
    <ClCompile Include="ZBSolidLinkSymbol.cpp">
      <Filter>Source Files</Filter>
    </ClCompile>
    <ClCompile Include="ZBSymbol.cpp">
      <Filter>Source Files</Filter>
    </ClCompile>
    <ClCompile Include="ZBSymbolEdit.cpp">
      <Filter>Source Files</Filter>
    </ClCompile>
    <ClCompile Include="ZBSymbolEntity.cpp">
      <Filter>Source Files</Filter>
    </ClCompile>
    <ClCompile Include="ZBSymbolLabel.cpp">
      <Filter>Source Files</Filter>
    </ClCompile>
    <ClCompile Include="ZBSymbolLogObserverMsg.cpp">
      <Filter>Source Files</Filter>
    </ClCompile>
    <ClCompile Include="ZBSymbolObserverMsg.cpp">
      <Filter>Source Files</Filter>
    </ClCompile>
    <ClCompile Include="ZBSymbolStamp.cpp">
      <Filter>Source Files</Filter>
    </ClCompile>
    <ClCompile Include="ZBSystemEntity.cpp">
      <Filter>Source Files</Filter>
    </ClCompile>
    <ClCompile Include="ZBTextZone.cpp">
      <Filter>Source Files</Filter>
    </ClCompile>
    <ClCompile Include="ZBUnit.cpp">
      <Filter>Source Files</Filter>
    </ClCompile>
    <ClCompile Include="ZBUnitManager.cpp">
      <Filter>Source Files</Filter>
    </ClCompile>
    <ClCompile Include="ZBUnitObserverMsg.cpp">
      <Filter>Source Files</Filter>
    </ClCompile>
    <ClCompile Include="ZBUserEntity.cpp">
      <Filter>Source Files</Filter>
    </ClCompile>
    <ClCompile Include="ZBUserGroupEntity.cpp">
      <Filter>Source Files</Filter>
    </ClCompile>
    <ClCompile Include="ZBUserGroupObserverMsg.cpp">
      <Filter>Source Files</Filter>
    </ClCompile>
    <ClCompile Include="ZBUserRoleEntity.cpp">
      <Filter>Source Files</Filter>
    </ClCompile>
    <ClCompile Include="ZBWorkflowDefinition.cpp">
      <Filter>Source Files</Filter>
    </ClCompile>
    <ClCompile Include="ZCLogicalSystemTreeCtrl.cpp">
      <Filter>Source Files</Filter>
    </ClCompile>
    <ClCompile Include="ZCPrestationsTreeCtrl.cpp">
      <Filter>Source Files</Filter>
    </ClCompile>
    <ClCompile Include="ZCProcessModelTree.cpp">
      <Filter>Source Files</Filter>
    </ClCompile>
    <ClCompile Include="ZCProcessModelTreeView.cpp">
      <Filter>Source Files</Filter>
    </ClCompile>
    <ClCompile Include="ZCRulesTreeCtrl.cpp">
      <Filter>Source Files</Filter>
    </ClCompile>
    <ClCompile Include="ZCSymbolAttributesTreeCtrl.cpp">
      <Filter>Source Files</Filter>
    </ClCompile>
    <ClCompile Include="ZCSymbolList.cpp">
      <Filter>Source Files</Filter>
    </ClCompile>
    <ClCompile Include="ZCUserGroupTreeCtrl.cpp">
      <Filter>Source Files</Filter>
    </ClCompile>
    <ClCompile Include="ZDLogicalPrestationsDocument.cpp">
      <Filter>Source Files</Filter>
    </ClCompile>
    <ClCompile Include="ZDLogicalRulesDocument.cpp">
      <Filter>Source Files</Filter>
    </ClCompile>
    <ClCompile Include="ZDLogicalSystemDocument.cpp">
      <Filter>Source Files</Filter>
    </ClCompile>
    <ClCompile Include="ZDProcessGraphPage.cpp">
      <Filter>Source Files</Filter>
    </ClCompile>
    <ClCompile Include="ZDUserEntityDocument.cpp">
      <Filter>Source Files</Filter>
    </ClCompile>
    <ClCompile Include="zModel.cpp">
      <Filter>Source Files</Filter>
    </ClCompile>
    <ClCompile Include="ZUAssignDynamicAttributesToModel.cpp">
      <Filter>Source Files</Filter>
    </ClCompile>
    <ClCompile Include="ZUBuildGenericSymbolNewName.cpp">
      <Filter>Source Files</Filter>
    </ClCompile>
    <ClCompile Include="ZUBuildSymbolNewName.cpp">
      <Filter>Source Files</Filter>
    </ClCompile>
    <ClCompile Include="ZUDeleteDynamicAttributesToModel.cpp">
      <Filter>Source Files</Filter>
    </ClCompile>
    <ClCompile Include="ZUDynamicAttributesManipulator.cpp">
      <Filter>Source Files</Filter>
    </ClCompile>
    <ClCompile Include="ZUExtractCategoryAttributes.cpp">
      <Filter>Source Files</Filter>
    </ClCompile>
    <ClCompile Include="ZUExtractModelAttributes.cpp">
      <Filter>Source Files</Filter>
    </ClCompile>
    <ClCompile Include="ZUExtractModelLogicalPrestationsAssigned.cpp">
      <Filter>Source Files</Filter>
    </ClCompile>
    <ClCompile Include="ZUExtractModelLogicalSystemAssigned.cpp">
      <Filter>Source Files</Filter>
    </ClCompile>
    <ClCompile Include="ZUExtractModelUnitGroupAssigned.cpp">
      <Filter>Source Files</Filter>
    </ClCompile>
    <ClCompile Include="ZUModelNavigation.cpp">
      <Filter>Source Files</Filter>
    </ClCompile>
    <ClCompile Include="ZUODSymbolManipulator.cpp">
      <Filter>Source Files</Filter>
    </ClCompile>
    <ClCompile Include="ZUReassignDynamicAttributesToModel.cpp">
      <Filter>Source Files</Filter>
    </ClCompile>
    <ClCompile Include="ZUSerializeODMeasure.cpp">
      <Filter>Source Files</Filter>
    </ClCompile>
    <ClCompile Include="ZUSymbolLoader.cpp">
      <Filter>Source Files</Filter>
    </ClCompile>
    <ClCompile Include="ZUSymbolLoaderFILE.cpp">
      <Filter>Source Files</Filter>
    </ClCompile>
    <ClCompile Include="ZUSymbolLoaderFTP.cpp">
      <Filter>Source Files</Filter>
    </ClCompile>
    <ClCompile Include="ZUSymbolLoaderHTTP.cpp">
      <Filter>Source Files</Filter>
    </ClCompile>
    <ClCompile Include="ZVDeleteModelPageDlg.cpp">
      <Filter>Source Files</Filter>
    </ClCompile>
    <ClCompile Include="ZVDynamicAttributesCreation.cpp">
      <Filter>Source Files</Filter>
    </ClCompile>
    <ClCompile Include="ZVDynamicAttributesDuplication.cpp">
      <Filter>Source Files</Filter>
    </ClCompile>
    <ClCompile Include="ZVFindSymbolDlg.cpp">
      <Filter>Source Files</Filter>
    </ClCompile>
    <ClCompile Include="ZVFindSymbolExtDlg.cpp">
      <Filter>Source Files</Filter>
    </ClCompile>
    <ClCompile Include="ZVInsertLinkModelPageDlg.cpp">
      <Filter>Source Files</Filter>
    </ClCompile>
    <ClCompile Include="ZVInsertModelNewPageDlg.cpp">
      <Filter>Source Files</Filter>
    </ClCompile>
    <ClCompile Include="ZVLogicalSystemInfoDlg.cpp">
      <Filter>Source Files</Filter>
    </ClCompile>
    <ClCompile Include="ZVOutputAnalyzerLogView.cpp">
      <Filter>Source Files</Filter>
    </ClCompile>
    <ClCompile Include="ZVOutputSearchView.cpp">
      <Filter>Source Files</Filter>
    </ClCompile>
    <ClCompile Include="ZVOutputSymbolLogView.cpp">
      <Filter>Source Files</Filter>
    </ClCompile>
    <ClCompile Include="ZVOutputWorkflowLogView.cpp">
      <Filter>Source Files</Filter>
    </ClCompile>
    <ClCompile Include="ZVPrestationsInfoDlg.cpp">
      <Filter>Source Files</Filter>
    </ClCompile>
    <ClCompile Include="ZVRenameModelPageDlg.cpp">
      <Filter>Source Files</Filter>
    </ClCompile>
    <ClCompile Include="ZVRenameModelPageInTreeDlg.cpp">
      <Filter>Source Files</Filter>
    </ClCompile>
    <ClCompile Include="ZVRulesInfoDlg.cpp">
      <Filter>Source Files</Filter>
    </ClCompile>
    <ClCompile Include="ZVSelectLogicalSystemDlg.cpp">
      <Filter>Source Files</Filter>
    </ClCompile>
    <ClCompile Include="ZVSelectModelSymbolDlg.cpp">
      <Filter>Source Files</Filter>
    </ClCompile>
    <ClCompile Include="ZVSelectPrestationDlg.cpp">
      <Filter>Source Files</Filter>
    </ClCompile>
    <ClCompile Include="ZVSelectRuleDlg.cpp">
      <Filter>Source Files</Filter>
    </ClCompile>
    <ClCompile Include="ZVSelectSymbolAttributeDlg.cpp">
      <Filter>Source Files</Filter>
    </ClCompile>
    <ClCompile Include="ZVSelectSymbolFromGraphModel.cpp">
      <Filter>Source Files</Filter>
    </ClCompile>
    <ClCompile Include="ZVSelectUserGroupDlg.cpp">
      <Filter>Source Files</Filter>
    </ClCompile>
    <ClCompile Include="ZVSymbolAttributes.cpp">
      <Filter>Source Files</Filter>
    </ClCompile>
    <ClCompile Include="ZVUserGroupInfoDlg.cpp">
      <Filter>Source Files</Filter>
    </ClCompile>
  </ItemGroup>
  <ItemGroup>
    <None Include="res\Activity.sym">
      <Filter>Resource Files</Filter>
    </None>
    <None Include="res\BPProcess.sym">
      <Filter>Resource Files</Filter>
    </None>
    <None Include="res\Comment.sym">
      <Filter>Resource Files</Filter>
    </None>
    <None Include="res\cur00001.cur">
      <Filter>Resource Files</Filter>
    </None>
    <None Include="res\cursor1.cur">
      <Filter>Resource Files</Filter>
    </None>
    <None Include="res\Decision.sym">
      <Filter>Resource Files</Filter>
    </None>
    <None Include="res\Door.sym">
      <Filter>Resource Files</Filter>
    </None>
    <None Include="res\Package.sym">
      <Filter>Resource Files</Filter>
    </None>
    <None Include="res\Page.sym">
      <Filter>Resource Files</Filter>
    </None>
    <None Include="res\Procedure.sym">
      <Filter>Resource Files</Filter>
    </None>
    <None Include="res\Process.sym">
      <Filter>Resource Files</Filter>
    </None>
    <None Include="res\Start.sym">
      <Filter>Resource Files</Filter>
    </None>
    <None Include="res\Stop.sym">
      <Filter>Resource Files</Filter>
    </None>
    <None Include="res\sym_spli.cur">
      <Filter>Resource Files</Filter>
    </None>
    <None Include="res\UML_Activity.sym">
      <Filter>Resource Files</Filter>
    </None>
    <None Include="res\UML_End.sym">
      <Filter>Resource Files</Filter>
    </None>
    <None Include="res\UML_Start.sym">
      <Filter>Resource Files</Filter>
    </None>
    <None Include="res\zModel.rc2">
      <Filter>Resource Files</Filter>
    </None>
    <None Include="Uml\MVC Package.vcx">
      <Filter>Packages</Filter>
    </None>
    <None Include="Uml\Symbol Package.vcx">
      <Filter>Packages</Filter>
    </None>
    <None Include="Uml\UserGroup Package.vcx">
      <Filter>Packages</Filter>
    </None>
    <None Include="Uml\Window Control Diagram.vcx">
      <Filter>Packages</Filter>
    </None>
    <None Include="Uml\zModel.vcp">
      <Filter>Packages</Filter>
    </None>
    <None Include="Uml\zModel.vcw">
      <Filter>Packages</Filter>
    </None>
    <None Include="Uml\Basic Symbols Class Diagram.vcd">
      <Filter>Diagrams</Filter>
    </None>
    <None Include="Uml\Model MVC.vcd">
      <Filter>Diagrams</Filter>
    </None>
    <None Include="Uml\Model Window Control Class Diagram.vcd">
      <Filter>Diagrams</Filter>
    </None>
    <None Include="Uml\Symbol Loader Class Diagram.vcd">
      <Filter>Diagrams</Filter>
    </None>
    <None Include="Uml\UserGroup Business Classes.vcd">
      <Filter>Diagrams</Filter>
    </None>
    <None Include="Uml\UserGroup Window Controls Class Diagram.vcd">
      <Filter>Diagrams</Filter>
    </None>
  </ItemGroup>
  <ItemGroup>
    <ResourceCompile Include="zModel.rc">
      <Filter>Source Files</Filter>
    </ResourceCompile>
  </ItemGroup>
  <ItemGroup>
    <ClInclude Include="Maths.h">
      <Filter>Header Files</Filter>
    </ClInclude>
    <ClInclude Include="modeltreei.h">
      <Filter>Header Files</Filter>
    </ClInclude>
    <ClInclude Include="ObjectCollections.h">
      <Filter>Header Files</Filter>
    </ClInclude>
    <ClInclude Include="ProcGraphChildFrm.h">
      <Filter>Header Files</Filter>
    </ClInclude>
    <ClInclude Include="ProcGraphModelCtlr.h">
      <Filter>Header Files</Filter>
    </ClInclude>
    <ClInclude Include="ProcGraphModelDoc.h">
      <Filter>Header Files</Filter>
    </ClInclude>
    <ClInclude Include="ProcGraphModelMdl.h">
      <Filter>Header Files</Filter>
    </ClInclude>
    <ClInclude Include="ProcGraphModelView.h">
      <Filter>Header Files</Filter>
    </ClInclude>
    <ClInclude Include="ProcGraphModelVp.h">
      <Filter>Header Files</Filter>
    </ClInclude>
    <ClInclude Include="StdAfx.h">
      <Filter>Header Files</Filter>
    </ClInclude>
    <ClInclude Include="ZAModelGlobal.h">
      <Filter>Header Files</Filter>
    </ClInclude>
    <ClInclude Include="ZBBasicModelProp.h">
      <Filter>Header Files</Filter>
    </ClInclude>
    <ClInclude Include="ZBBasicProp.h">
      <Filter>Header Files</Filter>
    </ClInclude>
    <ClInclude Include="ZBDashLinkSymbol.h">
      <Filter>Header Files</Filter>
    </ClInclude>
    <ClInclude Include="ZBDocObserverMsg.h">
      <Filter>Header Files</Filter>
    </ClInclude>
    <ClInclude Include="ZBExtAppProp.h">
      <Filter>Header Files</Filter>
    </ClInclude>
    <ClInclude Include="ZBExtAppPropertyMgr.h">
      <Filter>Header Files</Filter>
    </ClInclude>
    <ClInclude Include="ZBExtApps.h">
      <Filter>Header Files</Filter>
    </ClInclude>
    <ClInclude Include="ZBExtFileProp.h">
      <Filter>Header Files</Filter>
    </ClInclude>
    <ClInclude Include="ZBExtFilePropertyMgr.h">
      <Filter>Header Files</Filter>
    </ClInclude>
    <ClInclude Include="ZBExtFiles.h">
      <Filter>Header Files</Filter>
    </ClInclude>
    <ClInclude Include="ZBGenericSymbolErrorLine.h">
      <Filter>Header Files</Filter>
    </ClInclude>
    <ClInclude Include="ZBInfoModelGraphicGeneration.h">
      <Filter>Header Files</Filter>
    </ClInclude>
    <ClInclude Include="ZBLanguageProp.h">
      <Filter>Header Files</Filter>
    </ClInclude>
    <ClInclude Include="ZBLinkSymbol.h">
      <Filter>Header Files</Filter>
    </ClInclude>
    <ClInclude Include="ZBLogicalPrestationsEntity.h">
      <Filter>Header Files</Filter>
    </ClInclude>
    <ClInclude Include="ZBLogicalPrestationsObserverMsg.h">
      <Filter>Header Files</Filter>
    </ClInclude>
    <ClInclude Include="ZBLogicalRulesEntity.h">
      <Filter>Header Files</Filter>
    </ClInclude>
    <ClInclude Include="ZBLogicalRulesObserverMsg.h">
      <Filter>Header Files</Filter>
    </ClInclude>
    <ClInclude Include="ZBLogicalSystemEntity.h">
      <Filter>Header Files</Filter>
    </ClInclude>
    <ClInclude Include="ZBLogicalSystemObserverMsg.h">
      <Filter>Header Files</Filter>
    </ClInclude>
    <ClInclude Include="ZBModelObserverMsg.h">
      <Filter>Header Files</Filter>
    </ClInclude>
    <ClInclude Include="ZBModelSet.h">
      <Filter>Header Files</Filter>
    </ClInclude>
    <ClInclude Include="ZBPageUnits.h">
      <Filter>Header Files</Filter>
    </ClInclude>
    <ClInclude Include="ZBPrestationsEntity.h">
      <Filter>Header Files</Filter>
    </ClInclude>
    <ClInclude Include="ZBRulesEntity.h">
      <Filter>Header Files</Filter>
    </ClInclude>
    <ClInclude Include="ZBSearchSymbolLogLine.h">
      <Filter>Header Files</Filter>
    </ClInclude>
    <ClInclude Include="ZBSolidLinkSymbol.h">
      <Filter>Header Files</Filter>
    </ClInclude>
    <ClInclude Include="ZBSymbol.h">
      <Filter>Header Files</Filter>
    </ClInclude>
    <ClInclude Include="ZBSymbolEdit.h">
      <Filter>Header Files</Filter>
    </ClInclude>
    <ClInclude Include="ZBSymbolEntity.h">
      <Filter>Header Files</Filter>
    </ClInclude>
    <ClInclude Include="ZBSymbolLabel.h">
      <Filter>Header Files</Filter>
    </ClInclude>
    <ClInclude Include="ZBSymbolLogObserverMsg.h">
      <Filter>Header Files</Filter>
    </ClInclude>
    <ClInclude Include="ZBSymbolObserverMsg.h">
      <Filter>Header Files</Filter>
    </ClInclude>
    <ClInclude Include="ZBSymbolStamp.h">
      <Filter>Header Files</Filter>
    </ClInclude>
    <ClInclude Include="ZBSystemEntity.h">
      <Filter>Header Files</Filter>
    </ClInclude>
    <ClInclude Include="ZBTextZone.h">
      <Filter>Header Files</Filter>
    </ClInclude>
    <ClInclude Include="ZBUnit.h">
      <Filter>Header Files</Filter>
    </ClInclude>
    <ClInclude Include="ZBUnitManager.h">
      <Filter>Header Files</Filter>
    </ClInclude>
    <ClInclude Include="ZBUnitObserverMsg.h">
      <Filter>Header Files</Filter>
    </ClInclude>
    <ClInclude Include="ZBUserEntity.h">
      <Filter>Header Files</Filter>
    </ClInclude>
    <ClInclude Include="ZBUserGroupEntity.h">
      <Filter>Header Files</Filter>
    </ClInclude>
    <ClInclude Include="ZBUserGroupObserverMsg.h">
      <Filter>Header Files</Filter>
    </ClInclude>
    <ClInclude Include="ZBUserRoleEntity.h">
      <Filter>Header Files</Filter>
    </ClInclude>
    <ClInclude Include="ZBWorkflowDefinition.h">
      <Filter>Header Files</Filter>
    </ClInclude>
    <ClInclude Include="ZCLogicalSystemTreeCtrl.h">
      <Filter>Header Files</Filter>
    </ClInclude>
    <ClInclude Include="ZCPrestationsTreeCtrl.h">
      <Filter>Header Files</Filter>
    </ClInclude>
    <ClInclude Include="ZCProcessModelTree.h">
      <Filter>Header Files</Filter>
    </ClInclude>
    <ClInclude Include="ZCProcessModelTreeView.h">
      <Filter>Header Files</Filter>
    </ClInclude>
    <ClInclude Include="ZCRulesTreeCtrl.h">
      <Filter>Header Files</Filter>
    </ClInclude>
    <ClInclude Include="ZCSymbolAttributesTreeCtrl.h">
      <Filter>Header Files</Filter>
    </ClInclude>
    <ClInclude Include="ZCSymbolList.h">
      <Filter>Header Files</Filter>
    </ClInclude>
    <ClInclude Include="ZCUserGroupTreeCtrl.h">
      <Filter>Header Files</Filter>
    </ClInclude>
    <ClInclude Include="ZDefinitionSelectable.h">
      <Filter>Header Files</Filter>
    </ClInclude>
    <ClInclude Include="ZDLogicalPrestationsDocument.h">
      <Filter>Header Files</Filter>
    </ClInclude>
    <ClInclude Include="ZDLogicalRulesDocument.h">
      <Filter>Header Files</Filter>
    </ClInclude>
    <ClInclude Include="ZDLogicalSystemDocument.h">
      <Filter>Header Files</Filter>
    </ClInclude>
    <ClInclude Include="ZDProcessGraphPage.h">
      <Filter>Header Files</Filter>
    </ClInclude>
    <ClInclude Include="ZDUserEntityDocument.h">
      <Filter>Header Files</Filter>
    </ClInclude>
    <ClInclude Include="zModelLib.h">
      <Filter>Header Files</Filter>
    </ClInclude>
    <ClInclude Include="zModelRes.h">
      <Filter>Header Files</Filter>
    </ClInclude>
    <ClInclude Include="ZUAssignDynamicAttributesToModel.h">
      <Filter>Header Files</Filter>
    </ClInclude>
    <ClInclude Include="ZUBuildGenericSymbolNewName.h">
      <Filter>Header Files</Filter>
    </ClInclude>
    <ClInclude Include="ZUBuildSymbolNewName.h">
      <Filter>Header Files</Filter>
    </ClInclude>
    <ClInclude Include="ZUDeleteDynamicAttributesToModel.h">
      <Filter>Header Files</Filter>
    </ClInclude>
    <ClInclude Include="ZUDynamicAttributesManipulator.h">
      <Filter>Header Files</Filter>
    </ClInclude>
    <ClInclude Include="ZUExtractCategoryAttributes.h">
      <Filter>Header Files</Filter>
    </ClInclude>
    <ClInclude Include="ZUExtractModelAttributes.h">
      <Filter>Header Files</Filter>
    </ClInclude>
    <ClInclude Include="ZUExtractModelLogicalPrestationsAssigned.h">
      <Filter>Header Files</Filter>
    </ClInclude>
    <ClInclude Include="ZUExtractModelLogicalSystemAssigned.h">
      <Filter>Header Files</Filter>
    </ClInclude>
    <ClInclude Include="ZUExtractModelUnitGroupAssigned.h">
      <Filter>Header Files</Filter>
    </ClInclude>
    <ClInclude Include="ZUModelNavigation.h">
      <Filter>Header Files</Filter>
    </ClInclude>
    <ClInclude Include="ZUODSymbolManipulator.h">
      <Filter>Header Files</Filter>
    </ClInclude>
    <ClInclude Include="ZUReassignDynamicAttributesToModel.h">
      <Filter>Header Files</Filter>
    </ClInclude>
    <ClInclude Include="ZUSerializeODMeasure.h">
      <Filter>Header Files</Filter>
    </ClInclude>
    <ClInclude Include="ZUSymbolLoader.h">
      <Filter>Header Files</Filter>
    </ClInclude>
    <ClInclude Include="ZUSymbolLoaderFILE.h">
      <Filter>Header Files</Filter>
    </ClInclude>
    <ClInclude Include="ZUSymbolLoaderFTP.h">
      <Filter>Header Files</Filter>
    </ClInclude>
    <ClInclude Include="ZUSymbolLoaderHTTP.h">
      <Filter>Header Files</Filter>
    </ClInclude>
    <ClInclude Include="ZVDeleteModelPageDlg.h">
      <Filter>Header Files</Filter>
    </ClInclude>
    <ClInclude Include="ZVDynamicAttributesCreation.h">
      <Filter>Header Files</Filter>
    </ClInclude>
    <ClInclude Include="ZVDynamicAttributesDuplication.h">
      <Filter>Header Files</Filter>
    </ClInclude>
    <ClInclude Include="ZVFindSymbolDlg.h">
      <Filter>Header Files</Filter>
    </ClInclude>
    <ClInclude Include="ZVFindSymbolExtDlg.h">
      <Filter>Header Files</Filter>
    </ClInclude>
    <ClInclude Include="ZVInsertLinkModelPageDlg.h">
      <Filter>Header Files</Filter>
    </ClInclude>
    <ClInclude Include="ZVInsertModelNewPageDlg.h">
      <Filter>Header Files</Filter>
    </ClInclude>
    <ClInclude Include="ZVLogicalSystemInfoDlg.h">
      <Filter>Header Files</Filter>
    </ClInclude>
    <ClInclude Include="ZVOutputAnalyzerLogView.h">
      <Filter>Header Files</Filter>
    </ClInclude>
    <ClInclude Include="ZVOutputSearchView.h">
      <Filter>Header Files</Filter>
    </ClInclude>
    <ClInclude Include="ZVOutputSymbolLogView.h">
      <Filter>Header Files</Filter>
    </ClInclude>
    <ClInclude Include="ZVOutputWorkflowLogView.h">
      <Filter>Header Files</Filter>
    </ClInclude>
    <ClInclude Include="ZVPrestationsInfoDlg.h">
      <Filter>Header Files</Filter>
    </ClInclude>
    <ClInclude Include="ZVRenameModelPageDlg.h">
      <Filter>Header Files</Filter>
    </ClInclude>
    <ClInclude Include="ZVRenameModelPageInTreeDlg.h">
      <Filter>Header Files</Filter>
    </ClInclude>
    <ClInclude Include="ZVRulesInfoDlg.h">
      <Filter>Header Files</Filter>
    </ClInclude>
    <ClInclude Include="ZVSelectLogicalSystemDlg.h">
      <Filter>Header Files</Filter>
    </ClInclude>
    <ClInclude Include="ZVSelectModelSymbolDlg.h">
      <Filter>Header Files</Filter>
    </ClInclude>
    <ClInclude Include="ZVSelectPrestationDlg.h">
      <Filter>Header Files</Filter>
    </ClInclude>
    <ClInclude Include="ZVSelectRuleDlg.h">
      <Filter>Header Files</Filter>
    </ClInclude>
    <ClInclude Include="ZVSelectSymbolAttributeDlg.h">
      <Filter>Header Files</Filter>
    </ClInclude>
    <ClInclude Include="ZVSelectSymbolFromGraphModel.h">
      <Filter>Header Files</Filter>
    </ClInclude>
    <ClInclude Include="ZVSelectUserGroupDlg.h">
      <Filter>Header Files</Filter>
    </ClInclude>
    <ClInclude Include="ZVSymbolAttributes.h">
      <Filter>Header Files</Filter>
    </ClInclude>
    <ClInclude Include="ZVUserGroupInfoDlg.h">
      <Filter>Header Files</Filter>
    </ClInclude>
  </ItemGroup>
  <ItemGroup>
    <Image Include="res\attrib_s.ico">
      <Filter>Resource Files</Filter>
    </Image>
    <Image Include="res\bitmap1.bmp">
      <Filter>Resource Files</Filter>
    </Image>
    <Image Include="res\bmp00001.bmp">
      <Filter>Resource Files</Filter>
    </Image>
    <Image Include="res\commandl.ico">
      <Filter>Resource Files</Filter>
    </Image>
    <Image Include="res\ico00001.ico">
      <Filter>Resource Files</Filter>
    </Image>
    <Image Include="res\ico27362.ico">
      <Filter>Resource Files</Filter>
    </Image>
    <Image Include="res\ico27363.ico">
      <Filter>Resource Files</Filter>
    </Image>
    <Image Include="res\icon1.ico">
      <Filter>Resource Files</Filter>
    </Image>
    <Image Include="res\idr_mode.ico">
      <Filter>Resource Files</Filter>
    </Image>
    <Image Include="res\il_bp_sy.bmp">
      <Filter>Resource Files</Filter>
    </Image>
    <Image Include="res\il_symbo.bmp">
      <Filter>Resource Files</Filter>
    </Image>
    <Image Include="res\page1.ico">
      <Filter>Resource Files</Filter>
    </Image>
    <Image Include="res\ref_file.ico">
      <Filter>Resource Files</Filter>
    </Image>
    <Image Include="res\simulati.bmp">
      <Filter>Resource Files</Filter>
    </Image>
    <Image Include="res\toolbar1.bmp">
      <Filter>Resource Files</Filter>
    </Image>
  </ItemGroup>
  <ItemGroup>
    <Text Include="ReadMe.txt" />
  </ItemGroup>
  <ItemGroup>
    <CustomBuild Include="zModel.def">
      <Filter>Source Files</Filter>
    </CustomBuild>
    <CustomBuild Include="zModelD.def">
      <Filter>Source Files</Filter>
    </CustomBuild>
  </ItemGroup>
</Project>