<?xml version="1.0" encoding="utf-8"?>
<Project ToolsVersion="4.0" xmlns="http://schemas.microsoft.com/developer/msbuild/2003">
  <ItemGroup>
    <Filter Include="Source Files">
      <UniqueIdentifier>{4c13ce2b-5fbe-4d62-85db-d514b4d9030f}</UniqueIdentifier>
      <Extensions>cpp;c;cxx;rc;def;r;odl;idl;hpj;bat</Extensions>
    </Filter>
    <Filter Include="Header Files">
      <UniqueIdentifier>{544fb3d1-d4c8-4df7-85db-fdedf9fd17b9}</UniqueIdentifier>
      <Extensions>h;hpp;hxx;hm;inl</Extensions>
    </Filter>
    <Filter Include="Resource Files">
      <UniqueIdentifier>{c186db5b-8138-4624-b6ac-201c027515e1}</UniqueIdentifier>
      <Extensions>ico;cur;bmp;dlg;rc2;rct;bin;rgs;gif;jpg;jpeg;jpe</Extensions>
    </Filter>
  </ItemGroup>
  <ItemGroup>
    <ClCompile Include="StdAfx.cpp">
      <Filter>Source Files</Filter>
    </ClCompile>
    <ClCompile Include="PSS_HelpContextBar.cpp">
      <Filter>Source Files</Filter>
    </ClCompile>
    <ClCompile Include="PSS_TipOfDayBar.cpp">
      <Filter>Source Files</Filter>
    </ClCompile>
    <ClCompile Include="PSS_TipOfDayDlg.cpp">
      <Filter>Source Files</Filter>
    </ClCompile>
    <ClCompile Include="zTip.cpp">
      <Filter>Source Files</Filter>
    </ClCompile>
  </ItemGroup>
  <ItemGroup>
    <None Include="res\ztip.rc2">
      <Filter>Resource Files</Filter>
    </None>
    <None Include="res\tips.htm">
      <Filter>Resource Files</Filter>
    </None>
  </ItemGroup>
  <ItemGroup>
    <ClInclude Include="StdAfx.h">
      <Filter>Header Files</Filter>
    </ClInclude>
    <ClInclude Include="zTipLib.h">
      <Filter>Header Files</Filter>
    </ClInclude>
    <ClInclude Include="PSS_HelpContextBar.h">
      <Filter>Header Files</Filter>
    </ClInclude>
    <ClInclude Include="PSS_TipOfDayBar.h">
      <Filter>Header Files</Filter>
    </ClInclude>
    <ClInclude Include="PSS_TipOfDayDlg.h">
      <Filter>Header Files</Filter>
    </ClInclude>
    <ClInclude Include="zTipRes.h">
      <Filter>Header Files</Filter>
    </ClInclude>
  </ItemGroup>
  <ItemGroup>
    <Image Include="res\tips.gif">
      <Filter>Resource Files</Filter>
    </Image>
  </ItemGroup>
  <ItemGroup>
    <CustomBuild Include="zTip.def">
      <Filter>Source Files</Filter>
    </CustomBuild>
    <CustomBuild Include="zTipD.def">
      <Filter>Source Files</Filter>
    </CustomBuild>
  </ItemGroup>
  <ItemGroup>
    <ResourceCompile Include="zTip.rc">
      <Filter>Source Files</Filter>
    </ResourceCompile>
  </ItemGroup>
</Project>