<?xml version="1.0" encoding="utf-8"?>
<Project ToolsVersion="4.0" xmlns="http://schemas.microsoft.com/developer/msbuild/2003">
  <ItemGroup>
    <Filter Include="Source Files">
      <UniqueIdentifier>{90e4b68f-7f98-4769-b987-0ef300c67467}</UniqueIdentifier>
      <Extensions>cpp;c;cxx;rc;def;r;odl;idl;hpj;bat</Extensions>
    </Filter>
    <Filter Include="Header Files">
      <UniqueIdentifier>{9817cb73-7ec5-4405-a3cd-a5f5d3895a57}</UniqueIdentifier>
      <Extensions>h;hpp;hxx;hm;inl</Extensions>
    </Filter>
    <Filter Include="Resource Files">
      <UniqueIdentifier>{cc47f02e-a079-406b-b331-98704c724e51}</UniqueIdentifier>
      <Extensions>ico;cur;bmp;dlg;rc2;rct;bin;rgs;gif;jpg;jpeg;jpe</Extensions>
    </Filter>
  </ItemGroup>
  <ItemGroup>
    <ClCompile Include="StdAfx.cpp">
      <Filter>Source Files</Filter>
    </ClCompile>
    <ClCompile Include="zSOAP.cpp">
      <Filter>Source Files</Filter>
    </ClCompile>
    <ClCompile Include="PSS_SoapPublisher_MessengerUniverse.cpp">
      <Filter>Source Files</Filter>
    </ClCompile>
    <ClCompile Include="PSS_SoapPublisher_ModelAttributes.cpp">
      <Filter>Source Files</Filter>
    </ClCompile>
    <ClCompile Include="PSS_SoapPublisher_Model.cpp">
      <Filter>Source Files</Filter>
    </ClCompile>
    <ClCompile Include="PSS_SoapPublisher_File.cpp">
      <Filter>Source Files</Filter>
    </ClCompile>
    <ClCompile Include="PSS_SoapPublisher_Prestations.cpp">
      <Filter>Source Files</Filter>
    </ClCompile>
    <ClCompile Include="PSS_SoapPublisher_MessengerInfo.cpp">
      <Filter>Source Files</Filter>
    </ClCompile>
    <ClCompile Include="PSS_SoapPublisher_System.cpp">
      <Filter>Source Files</Filter>
    </ClCompile>
    <ClCompile Include="PSS_SoapPublisher_Workgroup.cpp">
      <Filter>Source Files</Filter>
    </ClCompile>
    <ClCompile Include="PSS_SoapData_Settings.cpp">
      <Filter>Source Files</Filter>
    </ClCompile>
    <ClCompile Include="PSS_SoapException.cpp">
      <Filter>Source Files</Filter>
    </ClCompile>
  </ItemGroup>
  <ItemGroup>
    <None Include="res\zSOAP.rc2">
      <Filter>Resource Files</Filter>
    </None>
  </ItemGroup>
  <ItemGroup>
    <ResourceCompile Include="zSOAP.rc">
      <Filter>Source Files</Filter>
    </ResourceCompile>
  </ItemGroup>
  <ItemGroup>
    <ClInclude Include="StdAfx.h">
      <Filter>Header Files</Filter>
    </ClInclude>
    <ClInclude Include="zSOAPIncAll.h">
      <Filter>Header Files</Filter>
    </ClInclude>
    <ClInclude Include="zSOAPLib.h">
      <Filter>Header Files</Filter>
    </ClInclude>
    <ClInclude Include="zSOAPRes.h">
      <Filter>Header Files</Filter>
    </ClInclude>
    <ClInclude Include="PSS_SoapPublisher_MessengerUniverse.h">
      <Filter>Header Files</Filter>
    </ClInclude>
    <ClInclude Include="PSS_SoapPublisher_ModelAttributes.h">
      <Filter>Header Files</Filter>
    </ClInclude>
    <ClInclude Include="PSS_SoapPublisher_Model.h">
      <Filter>Header Files</Filter>
    </ClInclude>
    <ClInclude Include="PSS_SoapData_MessengerUniverse.h">
      <Filter>Header Files</Filter>
    </ClInclude>
    <ClInclude Include="PSS_SoapData_ModelAttributes.h">
      <Filter>Header Files</Filter>
    </ClInclude>
    <ClInclude Include="PSS_SoapData_Deliverable.h">
      <Filter>Header Files</Filter>
    </ClInclude>
    <ClInclude Include="PSS_SoapData_SymbolAttributes.h">
      <Filter>Header Files</Filter>
    </ClInclude>
    <ClInclude Include="PSS_SoapData_Process.h">
      <Filter>Header Files</Filter>
    </ClInclude>
    <ClInclude Include="PSS_SoapData_Distribution.h">
      <Filter>Header Files</Filter>
    </ClInclude>
    <ClInclude Include="PSS_SoapData_DistributionMap.h">
      <Filter>Header Files</Filter>
    </ClInclude>
    <ClInclude Include="PSS_SoapData_Input.h">
      <Filter>Header Files</Filter>
    </ClInclude>
    <ClInclude Include="PSS_SoapData_Model.h">
      <Filter>Header Files</Filter>
    </ClInclude>
    <ClInclude Include="PSS_SoapPublisher_File.h">
      <Filter>Header Files</Filter>
    </ClInclude>
    <ClInclude Include="PSS_SoapData_File.h">
      <Filter>Header Files</Filter>
    </ClInclude>
    <ClInclude Include="PSS_SoapData_Prestations.h">
      <Filter>Header Files</Filter>
    </ClInclude>
    <ClInclude Include="PSS_SoapPublisher_Prestations.h">
      <Filter>Header Files</Filter>
    </ClInclude>
    <ClInclude Include="PSS_SoapPublisher_MessengerInfo.h">
      <Filter>Header Files</Filter>
    </ClInclude>
    <ClInclude Include="PSS_SoapPublisher_System.h">
      <Filter>Header Files</Filter>
    </ClInclude>
    <ClInclude Include="PSS_SoapData_System.h">
      <Filter>Header Files</Filter>
    </ClInclude>
    <ClInclude Include="PSS_SoapData_Workgroup.h">
      <Filter>Header Files</Filter>
    </ClInclude>
    <ClInclude Include="PSS_SoapPublisher_Workgroup.h">
      <Filter>Header Files</Filter>
    </ClInclude>
    <ClInclude Include="PSS_SoapData_Settings.h">
      <Filter>Header Files</Filter>
    </ClInclude>
    <ClInclude Include="PSS_SoapException.h">
      <Filter>Header Files</Filter>
    </ClInclude>
  </ItemGroup>
  <ItemGroup>
    <CustomBuild Include="zSOAP.def">
      <Filter>Source Files</Filter>
    </CustomBuild>
    <CustomBuild Include="zSOAPd.def">
      <Filter>Source Files</Filter>
    </CustomBuild>
  </ItemGroup>
</Project>