
Microsoft Visual Studio Solution File, Format Version 12.00
# Visual Studio Version 16
VisualStudioVersion = 16.0.30104.148
MinimumVisualStudioVersion = 10.0.40219.1
Project("{FAE04EC0-301F-11D3-BF4B-00C04F79EFBC}") = "MainFrame", "MainFrame\MainFrame.csproj", "{C42FE7E0-56D5-4307-A2E2-B5F51A9F5C0B}"
EndProject
Project("{FAE04EC0-301F-11D3-BF4B-00C04F79EFBC}") = "Culture", "Culture\Culture.csproj", "{95879862-7D83-4A14-BA4F-0F52C0BD78A3}"
EndProject
Global
	GlobalSection(SolutionConfigurationPlatforms) = preSolution
		Debug|Any CPU = Debug|Any CPU
		Release|Any CPU = Release|Any CPU
	EndGlobalSection
	GlobalSection(ProjectConfigurationPlatforms) = postSolution
		{C42FE7E0-56D5-4307-A2E2-B5F51A9F5C0B}.Debug|Any CPU.ActiveCfg = Debug|Any CPU
		{C42FE7E0-56D5-4307-A2E2-B5F51A9F5C0B}.Debug|Any CPU.Build.0 = Debug|Any CPU
		{C42FE7E0-56D5-4307-A2E2-B5F51A9F5C0B}.Release|Any CPU.ActiveCfg = Release|Any CPU
		{C42FE7E0-56D5-4307-A2E2-B5F51A9F5C0B}.Release|Any CPU.Build.0 = Release|Any CPU
		{95879862-7D83-4A14-BA4F-0F52C0BD78A3}.Debug|Any CPU.ActiveCfg = Debug|Any CPU
		{95879862-7D83-4A14-BA4F-0F52C0BD78A3}.Debug|Any CPU.Build.0 = Debug|Any CPU
		{95879862-7D83-4A14-BA4F-0F52C0BD78A3}.Release|Any CPU.ActiveCfg = Release|Any CPU
		{95879862-7D83-4A14-BA4F-0F52C0BD78A3}.Release|Any CPU.Build.0 = Release|Any CPU
	EndGlobalSection
	GlobalSection(SolutionProperties) = preSolution
		HideSolutionNode = FALSE
	EndGlobalSection
	GlobalSection(ExtensibilityGlobals) = postSolution
		SolutionGuid = {EB304426-3DFF-4370-A65B-B66119C75B29}
	EndGlobalSection
EndGlobal
