Microsoft Visual Studio Solution File, Format Version 12.00
# Visual Studio 15
VisualStudioVersion = 15.0.28307.168
MinimumVisualStudioVersion = 10.0.40219.1
Project("{8BC9CEB8-8B4A-11D0-8D11-00A0C91BC942}") = "Include", "Include\Include.vcxproj", "{C8815206-2EFF-45D1-9C59-D4409D110A4C}"
EndProject
Project("{8BC9CEB8-8B4A-11D0-8D11-00A0C91BC942}") = "ZBaseLib", "ZBaseLib\ZBaseLib.vcxproj", "{55112AD1-6307-4711-B20C-8FB984D1C596}"
EndProject
Project("{8BC9CEB8-8B4A-11D0-8D11-00A0C91BC942}") = "zBaseSym", "zBaseSym\zBaseSym.vcxproj", "{8371C80D-5034-455D-8F7C-27BD429BF29D}"
EndProject
Project("{8BC9CEB8-8B4A-11D0-8D11-00A0C91BC942}") = "zConversion", "zConversion\zConversion.vcxproj", "{21CD5C57-E05E-4005-942B-033B1C8B3743}"
EndProject
Project("{8BC9CEB8-8B4A-11D0-8D11-00A0C91BC942}") = "zDB", "zDB\zDB.vcxproj", "{7A158463-E053-455D-9072-275F0A6CD739}"
EndProject
Project("{8BC9CEB8-8B4A-11D0-8D11-00A0C91BC942}") = "ZEvent", "ZEvent\ZEvent.vcxproj", "{6A0743EC-EC51-45B0-9648-78B8A18AA3C8}"
EndProject
Project("{8BC9CEB8-8B4A-11D0-8D11-00A0C91BC942}") = "zFormsRes", "zFormsRes\zFormsRes.vcxproj", "{7B8D697B-021D-4268-AC38-36CF0D295C69}"
EndProject
Project("{8BC9CEB8-8B4A-11D0-8D11-00A0C91BC942}") = "zMediator", "zMediator\zMediator.vcxproj", "{1C630AA1-D3E9-4BFA-975C-3D8A8A75F8F0}"
EndProject
Project("{8BC9CEB8-8B4A-11D0-8D11-00A0C91BC942}") = "zModel", "zModel\zModel.vcxproj", "{97E953FA-234A-4E00-8073-DD4CB749556C}"
EndProject
Project("{8BC9CEB8-8B4A-11D0-8D11-00A0C91BC942}") = "zModelBP", "zModelBP\zModelBP.vcxproj", "{1EB2589E-79E8-4DF6-B965-DA292E065A45}"
EndProject
Project("{8BC9CEB8-8B4A-11D0-8D11-00A0C91BC942}") = "zModelWeb", "zModelWeb\zModelWeb.vcxproj", "{5F39569C-9E59-4128-98D6-5FD0ED1FA78E}"
EndProject
Project("{8BC9CEB8-8B4A-11D0-8D11-00A0C91BC942}") = "ZProcess32", "ZProcess32\ZProcess32.vcxproj", "{0A582565-8385-454B-8A6E-CE6062F7726D}"
	ProjectSection(ProjectDependencies) = postProject
		{A24A764A-48EE-493D-8590-698769F8BAA8} = {A24A764A-48EE-493D-8590-698769F8BAA8}
		{329BC652-CC7C-4A8E-8C1F-2CDC98564A03} = {329BC652-CC7C-4A8E-8C1F-2CDC98564A03}
		{CEC2C95D-F221-48FC-868F-4E38ECBBB4D3} = {CEC2C95D-F221-48FC-868F-4E38ECBBB4D3}
		{B84CBCB4-91BF-4E9B-9818-014CAAF2371E} = {B84CBCB4-91BF-4E9B-9818-014CAAF2371E}
		{895C61CA-88CD-4BF7-8D73-132ABB03D7DB} = {895C61CA-88CD-4BF7-8D73-132ABB03D7DB}
	EndProjectSection
EndProject
Project("{8BC9CEB8-8B4A-11D0-8D11-00A0C91BC942}") = "zProperty", "zProperty\zProperty.vcxproj", "{FBC69424-A723-42E0-9D5A-54E369BD8ADA}"
EndProject
Project("{8BC9CEB8-8B4A-11D0-8D11-00A0C91BC942}") = "zPtyMgr", "zPtyMgr\zPtyMgr.vcxproj", "{88B2D1AD-DECA-4C68-9088-56123C45926E}"
EndProject
Project("{8BC9CEB8-8B4A-11D0-8D11-00A0C91BC942}") = "zRBPropEn", "zRBPropEn\zRBPropEn.vcxproj", "{AE43589C-60B8-4B40-B998-0A9F1F9194B2}"
EndProject
Project("{8BC9CEB8-8B4A-11D0-8D11-00A0C91BC942}") = "zRBPropFr", "zRBPropFr\zRBPropFr.vcxproj", "{3E771791-5FA4-457D-AD1F-1A99DDA9B26F}"
EndProject
Project("{8BC9CEB8-8B4A-11D0-8D11-00A0C91BC942}") = "zRBPropGr", "zRBPropGr\zRBPropGr.vcxproj", "{BFC8F44B-CDEF-4C1F-8577-9FDB08029D47}"
EndProject
Project("{8BC9CEB8-8B4A-11D0-8D11-00A0C91BC942}") = "zReport", "zReport\zReport.vcxproj", "{546AC0C4-E6CB-4B49-A604-CF6E2AA41031}"
EndProject
Project("{8BC9CEB8-8B4A-11D0-8D11-00A0C91BC942}") = "zReportBP", "zReportBP\zReportBP.vcxproj", "{FE2F81C5-D520-44FE-8ADF-64316C3B9FF0}"
EndProject
Project("{8BC9CEB8-8B4A-11D0-8D11-00A0C91BC942}") = "zReportWeb", "zReportWeb\zReportWeb.vcxproj", "{86A0BC0C-8FC3-451A-BEA7-A9CC25486B47}"
EndProject
Project("{8BC9CEB8-8B4A-11D0-8D11-00A0C91BC942}") = "ZRes32", "ZRes32\ZRes32.vcxproj", "{8BE451D8-979F-4024-B25A-BB48B4C96953}"
EndProject
Project("{8BC9CEB8-8B4A-11D0-8D11-00A0C91BC942}") = "zResMgr", "zResMgr\zResMgr.vcxproj", "{DCC4FC4F-3100-4780-8A5F-099169D5FDAC}"
EndProject
Project("{8BC9CEB8-8B4A-11D0-8D11-00A0C91BC942}") = "zRMdlBPEn", "zRMdlBPEn\zRMdlBPEn.vcxproj", "{BF8F1923-5C94-4385-9BA1-49067EDE8811}"
EndProject
Project("{8BC9CEB8-8B4A-11D0-8D11-00A0C91BC942}") = "zRMdlBPFr", "zRMdlBPFr\zRMdlBPFr.vcxproj", "{C8F8295A-4C76-4DAC-BF98-054B023A47EC}"
EndProject
Project("{8BC9CEB8-8B4A-11D0-8D11-00A0C91BC942}") = "zRMdlBPGr", "zRMdlBPGr\zRMdlBPGr.vcxproj", "{983375DE-7985-49BF-A23D-62A658A33C11}"
EndProject
Project("{8BC9CEB8-8B4A-11D0-8D11-00A0C91BC942}") = "zScty", "zScty\zScty.vcxproj", "{0BF8B240-3CCA-45C1-91F4-1025E60A2FB3}"
EndProject
Project("{8BC9CEB8-8B4A-11D0-8D11-00A0C91BC942}") = "zSOAP", "zSOAP\zSOAP.vcxproj", "{B6990205-CF36-49C7-85CE-6F5AED455305}"
EndProject
Project("{8BC9CEB8-8B4A-11D0-8D11-00A0C91BC942}") = "zWkf", "zWkf\zWkf.vcxproj", "{4E050203-8CBE-42EF-B185-B776F6C6C492}"
EndProject
Project("{8BC9CEB8-8B4A-11D0-8D11-00A0C91BC942}") = "zXML", "zXML\zXML.vcxproj", "{BEEBE02F-476F-4FD4-8333-CDA231B8AA1E}"
EndProject
Project("{8BC9CEB8-8B4A-11D0-8D11-00A0C91BC942}") = "zWeb", "zWeb\zWeb.vcxproj", "{B84CBCB4-91BF-4E9B-9818-014CAAF2371E}"
EndProject
Project("{8BC9CEB8-8B4A-11D0-8D11-00A0C91BC942}") = "zWinUtil32", "zWinUtil32\zWinUtil32.vcxproj", "{CEC2C95D-F221-48FC-868F-4E38ECBBB4D3}"
EndProject
Project("{8BC9CEB8-8B4A-11D0-8D11-00A0C91BC942}") = "zSplash", "zSplash\zSplash.vcxproj", "{A24A764A-48EE-493D-8590-698769F8BAA8}"
	ProjectSection(ProjectDependencies) = postProject
		{55112AD1-6307-4711-B20C-8FB984D1C596} = {55112AD1-6307-4711-B20C-8FB984D1C596}
	EndProjectSection
EndProject
Project("{8BC9CEB8-8B4A-11D0-8D11-00A0C91BC942}") = "zSplRes", "zSplRes\zSplRes.vcxproj", "{329BC652-CC7C-4A8E-8C1F-2CDC98564A03}"
EndProject
Project("{8BC9CEB8-8B4A-11D0-8D11-00A0C91BC942}") = "zTip", "zTip\zTip.vcxproj", "{895C61CA-88CD-4BF7-8D73-132ABB03D7DB}"
EndProject
Global
	GlobalSection(SolutionConfigurationPlatforms) = preSolution
		Debug|x86 = Debug|x86
		Release|x86 = Release|x86
	EndGlobalSection
	GlobalSection(ProjectConfigurationPlatforms) = postSolution
		{C8815206-2EFF-45D1-9C59-D4409D110A4C}.Debug|x86.ActiveCfg = Debug|Win32
		{C8815206-2EFF-45D1-9C59-D4409D110A4C}.Debug|x86.Build.0 = Debug|Win32
		{C8815206-2EFF-45D1-9C59-D4409D110A4C}.Release|x86.ActiveCfg = Release|Win32
		{C8815206-2EFF-45D1-9C59-D4409D110A4C}.Release|x86.Build.0 = Release|Win32
		{55112AD1-6307-4711-B20C-8FB984D1C596}.Debug|x86.ActiveCfg = Debug|Win32
		{55112AD1-6307-4711-B20C-8FB984D1C596}.Debug|x86.Build.0 = Debug|Win32
		{55112AD1-6307-4711-B20C-8FB984D1C596}.Release|x86.ActiveCfg = Release|Win32
		{55112AD1-6307-4711-B20C-8FB984D1C596}.Release|x86.Build.0 = Release|Win32
		{8371C80D-5034-455D-8F7C-27BD429BF29D}.Debug|x86.ActiveCfg = Debug|Win32
		{8371C80D-5034-455D-8F7C-27BD429BF29D}.Debug|x86.Build.0 = Debug|Win32
		{8371C80D-5034-455D-8F7C-27BD429BF29D}.Release|x86.ActiveCfg = Release|Win32
		{8371C80D-5034-455D-8F7C-27BD429BF29D}.Release|x86.Build.0 = Release|Win32
		{21CD5C57-E05E-4005-942B-033B1C8B3743}.Debug|x86.ActiveCfg = Debug|Win32
		{21CD5C57-E05E-4005-942B-033B1C8B3743}.Debug|x86.Build.0 = Debug|Win32
		{21CD5C57-E05E-4005-942B-033B1C8B3743}.Release|x86.ActiveCfg = Release|Win32
		{21CD5C57-E05E-4005-942B-033B1C8B3743}.Release|x86.Build.0 = Release|Win32
		{7A158463-E053-455D-9072-275F0A6CD739}.Debug|x86.ActiveCfg = Debug|Win32
		{7A158463-E053-455D-9072-275F0A6CD739}.Debug|x86.Build.0 = Debug|Win32
		{7A158463-E053-455D-9072-275F0A6CD739}.Release|x86.ActiveCfg = Release|Win32
		{7A158463-E053-455D-9072-275F0A6CD739}.Release|x86.Build.0 = Release|Win32
		{6A0743EC-EC51-45B0-9648-78B8A18AA3C8}.Debug|x86.ActiveCfg = Debug|Win32
		{6A0743EC-EC51-45B0-9648-78B8A18AA3C8}.Debug|x86.Build.0 = Debug|Win32
		{6A0743EC-EC51-45B0-9648-78B8A18AA3C8}.Release|x86.ActiveCfg = Release|Win32
		{6A0743EC-EC51-45B0-9648-78B8A18AA3C8}.Release|x86.Build.0 = Release|Win32
		{7B8D697B-021D-4268-AC38-36CF0D295C69}.Debug|x86.ActiveCfg = Debug|Win32
		{7B8D697B-021D-4268-AC38-36CF0D295C69}.Debug|x86.Build.0 = Debug|Win32
		{7B8D697B-021D-4268-AC38-36CF0D295C69}.Release|x86.ActiveCfg = Release|Win32
		{7B8D697B-021D-4268-AC38-36CF0D295C69}.Release|x86.Build.0 = Release|Win32
		{1C630AA1-D3E9-4BFA-975C-3D8A8A75F8F0}.Debug|x86.ActiveCfg = Debug|Win32
		{1C630AA1-D3E9-4BFA-975C-3D8A8A75F8F0}.Debug|x86.Build.0 = Debug|Win32
		{1C630AA1-D3E9-4BFA-975C-3D8A8A75F8F0}.Release|x86.ActiveCfg = Release|Win32
		{1C630AA1-D3E9-4BFA-975C-3D8A8A75F8F0}.Release|x86.Build.0 = Release|Win32
		{97E953FA-234A-4E00-8073-DD4CB749556C}.Debug|x86.ActiveCfg = Debug|Win32
		{97E953FA-234A-4E00-8073-DD4CB749556C}.Debug|x86.Build.0 = Debug|Win32
		{97E953FA-234A-4E00-8073-DD4CB749556C}.Release|x86.ActiveCfg = Release|Win32
		{97E953FA-234A-4E00-8073-DD4CB749556C}.Release|x86.Build.0 = Release|Win32
		{1EB2589E-79E8-4DF6-B965-DA292E065A45}.Debug|x86.ActiveCfg = Debug|Win32
		{1EB2589E-79E8-4DF6-B965-DA292E065A45}.Debug|x86.Build.0 = Debug|Win32
		{1EB2589E-79E8-4DF6-B965-DA292E065A45}.Release|x86.ActiveCfg = Release|Win32
		{1EB2589E-79E8-4DF6-B965-DA292E065A45}.Release|x86.Build.0 = Release|Win32
		{5F39569C-9E59-4128-98D6-5FD0ED1FA78E}.Debug|x86.ActiveCfg = Debug|Win32
		{5F39569C-9E59-4128-98D6-5FD0ED1FA78E}.Debug|x86.Build.0 = Debug|Win32
		{5F39569C-9E59-4128-98D6-5FD0ED1FA78E}.Release|x86.ActiveCfg = Release|Win32
		{5F39569C-9E59-4128-98D6-5FD0ED1FA78E}.Release|x86.Build.0 = Release|Win32
		{0A582565-8385-454B-8A6E-CE6062F7726D}.Debug|x86.ActiveCfg = Debug|Win32
		{0A582565-8385-454B-8A6E-CE6062F7726D}.Debug|x86.Build.0 = Debug|Win32
		{0A582565-8385-454B-8A6E-CE6062F7726D}.Release|x86.ActiveCfg = Release|Win32
		{0A582565-8385-454B-8A6E-CE6062F7726D}.Release|x86.Build.0 = Release|Win32
		{FBC69424-A723-42E0-9D5A-54E369BD8ADA}.Debug|x86.ActiveCfg = Debug|Win32
		{FBC69424-A723-42E0-9D5A-54E369BD8ADA}.Debug|x86.Build.0 = Debug|Win32
		{FBC69424-A723-42E0-9D5A-54E369BD8ADA}.Release|x86.ActiveCfg = Release|Win32
		{FBC69424-A723-42E0-9D5A-54E369BD8ADA}.Release|x86.Build.0 = Release|Win32
		{88B2D1AD-DECA-4C68-9088-56123C45926E}.Debug|x86.ActiveCfg = Debug|Win32
		{88B2D1AD-DECA-4C68-9088-56123C45926E}.Debug|x86.Build.0 = Debug|Win32
		{88B2D1AD-DECA-4C68-9088-56123C45926E}.Release|x86.ActiveCfg = Release|Win32
		{88B2D1AD-DECA-4C68-9088-56123C45926E}.Release|x86.Build.0 = Release|Win32
		{AE43589C-60B8-4B40-B998-0A9F1F9194B2}.Debug|x86.ActiveCfg = Debug|Win32
		{AE43589C-60B8-4B40-B998-0A9F1F9194B2}.Debug|x86.Build.0 = Debug|Win32
		{AE43589C-60B8-4B40-B998-0A9F1F9194B2}.Release|x86.ActiveCfg = Release|Win32
		{AE43589C-60B8-4B40-B998-0A9F1F9194B2}.Release|x86.Build.0 = Release|Win32
		{3E771791-5FA4-457D-AD1F-1A99DDA9B26F}.Debug|x86.ActiveCfg = Debug|Win32
		{3E771791-5FA4-457D-AD1F-1A99DDA9B26F}.Debug|x86.Build.0 = Debug|Win32
		{3E771791-5FA4-457D-AD1F-1A99DDA9B26F}.Release|x86.ActiveCfg = Release|Win32
		{3E771791-5FA4-457D-AD1F-1A99DDA9B26F}.Release|x86.Build.0 = Release|Win32
		{BFC8F44B-CDEF-4C1F-8577-9FDB08029D47}.Debug|x86.ActiveCfg = Debug|Win32
		{BFC8F44B-CDEF-4C1F-8577-9FDB08029D47}.Debug|x86.Build.0 = Debug|Win32
		{BFC8F44B-CDEF-4C1F-8577-9FDB08029D47}.Release|x86.ActiveCfg = Release|Win32
		{BFC8F44B-CDEF-4C1F-8577-9FDB08029D47}.Release|x86.Build.0 = Release|Win32
		{546AC0C4-E6CB-4B49-A604-CF6E2AA41031}.Debug|x86.ActiveCfg = Debug|Win32
		{546AC0C4-E6CB-4B49-A604-CF6E2AA41031}.Debug|x86.Build.0 = Debug|Win32
		{546AC0C4-E6CB-4B49-A604-CF6E2AA41031}.Release|x86.ActiveCfg = Release|Win32
		{546AC0C4-E6CB-4B49-A604-CF6E2AA41031}.Release|x86.Build.0 = Release|Win32
		{FE2F81C5-D520-44FE-8ADF-64316C3B9FF0}.Debug|x86.ActiveCfg = Debug|Win32
		{FE2F81C5-D520-44FE-8ADF-64316C3B9FF0}.Debug|x86.Build.0 = Debug|Win32
		{FE2F81C5-D520-44FE-8ADF-64316C3B9FF0}.Release|x86.ActiveCfg = Release|Win32
		{FE2F81C5-D520-44FE-8ADF-64316C3B9FF0}.Release|x86.Build.0 = Release|Win32
		{86A0BC0C-8FC3-451A-BEA7-A9CC25486B47}.Debug|x86.ActiveCfg = Debug|Win32
		{86A0BC0C-8FC3-451A-BEA7-A9CC25486B47}.Debug|x86.Build.0 = Debug|Win32
		{86A0BC0C-8FC3-451A-BEA7-A9CC25486B47}.Release|x86.ActiveCfg = Release|Win32
		{86A0BC0C-8FC3-451A-BEA7-A9CC25486B47}.Release|x86.Build.0 = Release|Win32
		{8BE451D8-979F-4024-B25A-BB48B4C96953}.Debug|x86.ActiveCfg = Debug|Win32
		{8BE451D8-979F-4024-B25A-BB48B4C96953}.Debug|x86.Build.0 = Debug|Win32
		{8BE451D8-979F-4024-B25A-BB48B4C96953}.Release|x86.ActiveCfg = Release|Win32
		{8BE451D8-979F-4024-B25A-BB48B4C96953}.Release|x86.Build.0 = Release|Win32
		{DCC4FC4F-3100-4780-8A5F-099169D5FDAC}.Debug|x86.ActiveCfg = Debug|Win32
		{DCC4FC4F-3100-4780-8A5F-099169D5FDAC}.Debug|x86.Build.0 = Debug|Win32
		{DCC4FC4F-3100-4780-8A5F-099169D5FDAC}.Release|x86.ActiveCfg = Release|Win32
		{DCC4FC4F-3100-4780-8A5F-099169D5FDAC}.Release|x86.Build.0 = Release|Win32
		{BF8F1923-5C94-4385-9BA1-49067EDE8811}.Debug|x86.ActiveCfg = Debug|Win32
		{BF8F1923-5C94-4385-9BA1-49067EDE8811}.Debug|x86.Build.0 = Debug|Win32
		{BF8F1923-5C94-4385-9BA1-49067EDE8811}.Release|x86.ActiveCfg = Release|Win32
		{BF8F1923-5C94-4385-9BA1-49067EDE8811}.Release|x86.Build.0 = Release|Win32
		{C8F8295A-4C76-4DAC-BF98-054B023A47EC}.Debug|x86.ActiveCfg = Debug|Win32
		{C8F8295A-4C76-4DAC-BF98-054B023A47EC}.Debug|x86.Build.0 = Debug|Win32
		{C8F8295A-4C76-4DAC-BF98-054B023A47EC}.Release|x86.ActiveCfg = Release|Win32
		{C8F8295A-4C76-4DAC-BF98-054B023A47EC}.Release|x86.Build.0 = Release|Win32
		{983375DE-7985-49BF-A23D-62A658A33C11}.Debug|x86.ActiveCfg = Debug|Win32
		{983375DE-7985-49BF-A23D-62A658A33C11}.Debug|x86.Build.0 = Debug|Win32
		{983375DE-7985-49BF-A23D-62A658A33C11}.Release|x86.ActiveCfg = Release|Win32
		{983375DE-7985-49BF-A23D-62A658A33C11}.Release|x86.Build.0 = Release|Win32
		{0BF8B240-3CCA-45C1-91F4-1025E60A2FB3}.Debug|x86.ActiveCfg = Debug|Win32
		{0BF8B240-3CCA-45C1-91F4-1025E60A2FB3}.Debug|x86.Build.0 = Debug|Win32
		{0BF8B240-3CCA-45C1-91F4-1025E60A2FB3}.Release|x86.ActiveCfg = Release|Win32
		{0BF8B240-3CCA-45C1-91F4-1025E60A2FB3}.Release|x86.Build.0 = Release|Win32
		{B6990205-CF36-49C7-85CE-6F5AED455305}.Debug|x86.ActiveCfg = Debug|Win32
		{B6990205-CF36-49C7-85CE-6F5AED455305}.Debug|x86.Build.0 = Debug|Win32
		{B6990205-CF36-49C7-85CE-6F5AED455305}.Release|x86.ActiveCfg = Release|Win32
		{B6990205-CF36-49C7-85CE-6F5AED455305}.Release|x86.Build.0 = Release|Win32
		{4E050203-8CBE-42EF-B185-B776F6C6C492}.Debug|x86.ActiveCfg = Debug|Win32
		{4E050203-8CBE-42EF-B185-B776F6C6C492}.Debug|x86.Build.0 = Debug|Win32
		{4E050203-8CBE-42EF-B185-B776F6C6C492}.Release|x86.ActiveCfg = Release|Win32
		{4E050203-8CBE-42EF-B185-B776F6C6C492}.Release|x86.Build.0 = Release|Win32
		{BEEBE02F-476F-4FD4-8333-CDA231B8AA1E}.Debug|x86.ActiveCfg = Debug|Win32
		{BEEBE02F-476F-4FD4-8333-CDA231B8AA1E}.Debug|x86.Build.0 = Debug|Win32
		{BEEBE02F-476F-4FD4-8333-CDA231B8AA1E}.Release|x86.ActiveCfg = Release|Win32
		{BEEBE02F-476F-4FD4-8333-CDA231B8AA1E}.Release|x86.Build.0 = Release|Win32
		{B84CBCB4-91BF-4E9B-9818-014CAAF2371E}.Debug|x86.ActiveCfg = Debug|Win32
		{B84CBCB4-91BF-4E9B-9818-014CAAF2371E}.Debug|x86.Build.0 = Debug|Win32
		{B84CBCB4-91BF-4E9B-9818-014CAAF2371E}.Release|x86.ActiveCfg = Release|Win32
		{B84CBCB4-91BF-4E9B-9818-014CAAF2371E}.Release|x86.Build.0 = Release|Win32
		{CEC2C95D-F221-48FC-868F-4E38ECBBB4D3}.Debug|x86.ActiveCfg = Debug|Win32
		{CEC2C95D-F221-48FC-868F-4E38ECBBB4D3}.Debug|x86.Build.0 = Debug|Win32
		{CEC2C95D-F221-48FC-868F-4E38ECBBB4D3}.Release|x86.ActiveCfg = Release|Win32
		{CEC2C95D-F221-48FC-868F-4E38ECBBB4D3}.Release|x86.Build.0 = Release|Win32
		{A24A764A-48EE-493D-8590-698769F8BAA8}.Debug|x86.ActiveCfg = Debug|Win32
		{A24A764A-48EE-493D-8590-698769F8BAA8}.Debug|x86.Build.0 = Debug|Win32
		{A24A764A-48EE-493D-8590-698769F8BAA8}.Release|x86.ActiveCfg = Release|Win32
		{A24A764A-48EE-493D-8590-698769F8BAA8}.Release|x86.Build.0 = Release|Win32
		{329BC652-CC7C-4A8E-8C1F-2CDC98564A03}.Debug|x86.ActiveCfg = Debug|Win32
		{329BC652-CC7C-4A8E-8C1F-2CDC98564A03}.Debug|x86.Build.0 = Debug|Win32
		{329BC652-CC7C-4A8E-8C1F-2CDC98564A03}.Release|x86.ActiveCfg = Release|Win32
		{329BC652-CC7C-4A8E-8C1F-2CDC98564A03}.Release|x86.Build.0 = Release|Win32
		{895C61CA-88CD-4BF7-8D73-132ABB03D7DB}.Debug|x86.ActiveCfg = Debug|Win32
		{895C61CA-88CD-4BF7-8D73-132ABB03D7DB}.Debug|x86.Build.0 = Debug|Win32
		{895C61CA-88CD-4BF7-8D73-132ABB03D7DB}.Release|x86.ActiveCfg = Release|Win32
		{895C61CA-88CD-4BF7-8D73-132ABB03D7DB}.Release|x86.Build.0 = Release|Win32
	EndGlobalSection
	GlobalSection(SolutionProperties) = preSolution
		HideSolutionNode = FALSE
	EndGlobalSection
	GlobalSection(ExtensibilityGlobals) = postSolution
		SolutionGuid = {FC8A8563-694C-4F27-B4F0-6F3A30EFD89D}
	EndGlobalSection
EndGlobal
