<?xml version="1.0" encoding="utf-8"?>
<Project ToolsVersion="4.0" xmlns="http://schemas.microsoft.com/developer/msbuild/2003">
  <ItemGroup>
    <Filter Include="Source Files">
      <UniqueIdentifier>{1e8ec94d-8858-49b3-8d97-9ef0147efc5e}</UniqueIdentifier>
      <Extensions>cpp;c;cxx;rc;def;r;odl;idl;hpj;bat</Extensions>
    </Filter>
    <Filter Include="Header Files">
      <UniqueIdentifier>{ae89bc29-123c-433b-b6f2-1454960d0cdb}</UniqueIdentifier>
      <Extensions>h;hpp;hxx;hm;inl</Extensions>
    </Filter>
    <Filter Include="Resource Files">
      <UniqueIdentifier>{c9687d09-c82e-45c9-83b2-b72c4b7c0bc4}</UniqueIdentifier>
      <Extensions>ico;cur;bmp;dlg;rc2;rct;bin;rgs;gif;jpg;jpeg;jpe</Extensions>
    </Filter>
  </ItemGroup>
  <ItemGroup>
    <ClCompile Include="StdAfx.cpp">
      <Filter>Source Files</Filter>
    </ClCompile>
    <ClCompile Include="zModelWeb.cpp">
      <Filter>Source Files</Filter>
    </ClCompile>
    <ClCompile Include="PSS_ModelGenerateImageFiles.cpp">
      <Filter>Source Files</Filter>
    </ClCompile>
    <ClCompile Include="PSS_PublishModelToHTML.cpp">
      <Filter>Source Files</Filter>
    </ClCompile>
    <ClCompile Include="PSS_PublishModel.cpp">
      <Filter>Source Files</Filter>
    </ClCompile>
    <ClCompile Include="PSS_PublishModelAttributesDialog.cpp">
      <Filter>Source Files</Filter>
    </ClCompile>
    <ClCompile Include="PSS_PublishModelBannerDialog.cpp">
      <Filter>Source Files</Filter>
    </ClCompile>
    <ClCompile Include="PSS_PublishModelGenerateDialog.cpp">
      <Filter>Source Files</Filter>
    </ClCompile>
    <ClCompile Include="PSS_PublishModelOptionsDialog.cpp">
      <Filter>Source Files</Filter>
    </ClCompile>
    <ClCompile Include="PSS_PublishModelSelDirDialog.cpp">
      <Filter>Source Files</Filter>
    </ClCompile>
    <ClCompile Include="PSS_PublishModelWelcomeDialog.cpp">
      <Filter>Source Files</Filter>
    </ClCompile>
  </ItemGroup>
  <ItemGroup>
    <None Include="res\zModelWeb.rc2">
      <Filter>Resource Files</Filter>
    </None>
    <None Include="res\Download.avi" />
    <None Include="res\Filemove.avi" />
  </ItemGroup>
  <ItemGroup>
    <ResourceCompile Include="zModelWeb.rc">
      <Filter>Source Files</Filter>
    </ResourceCompile>
  </ItemGroup>
  <ItemGroup>
    <ClInclude Include="StdAfx.h">
      <Filter>Header Files</Filter>
    </ClInclude>
    <ClInclude Include="zModelWebLib.h">
      <Filter>Header Files</Filter>
    </ClInclude>
    <ClInclude Include="zModelWebRes.h">
      <Filter>Header Files</Filter>
    </ClInclude>
    <ClInclude Include="PSS_ModelGenerateImageFiles.h">
      <Filter>Header Files</Filter>
    </ClInclude>
    <ClInclude Include="PSS_PublishModelToHTML.h">
      <Filter>Header Files</Filter>
    </ClInclude>
    <ClInclude Include="PSS_PublishModel.h">
      <Filter>Header Files</Filter>
    </ClInclude>
    <ClInclude Include="PSS_PublishModelAttributesDialog.h">
      <Filter>Header Files</Filter>
    </ClInclude>
    <ClInclude Include="PSS_PublishModelBannerDialog.h">
      <Filter>Header Files</Filter>
    </ClInclude>
    <ClInclude Include="PSS_PublishModelGenerateDialog.h">
      <Filter>Header Files</Filter>
    </ClInclude>
    <ClInclude Include="PSS_PublishModelOptionsDialog.h">
      <Filter>Header Files</Filter>
    </ClInclude>
    <ClInclude Include="PSS_PublishModelSelDirDialog.h">
      <Filter>Header Files</Filter>
    </ClInclude>
    <ClInclude Include="PSS_PublishModelWelcomeDialog.h">
      <Filter>Header Files</Filter>
    </ClInclude>
  </ItemGroup>
  <ItemGroup>
    <Image Include="icon1.ico">
      <Filter>Resource Files</Filter>
    </Image>
  </ItemGroup>
  <ItemGroup>
    <CustomBuild Include="zModelWeb.def">
      <Filter>Source Files</Filter>
    </CustomBuild>
    <CustomBuild Include="zModelWebD.def">
      <Filter>Source Files</Filter>
    </CustomBuild>
  </ItemGroup>
</Project>