<?xml version="1.0" encoding="utf-8"?>
<Project ToolsVersion="4.0" xmlns="http://schemas.microsoft.com/developer/msbuild/2003">
  <ItemGroup>
    <Filter Include="Source Files">
      <UniqueIdentifier>{8b901e88-96be-4cb7-947f-875d049fb30a}</UniqueIdentifier>
      <Extensions>cpp;c;cxx;rc;def;r;odl;idl;hpj;bat</Extensions>
    </Filter>
    <Filter Include="Header Files">
      <UniqueIdentifier>{c39d64c3-d423-4753-b81b-b9156baed9e9}</UniqueIdentifier>
      <Extensions>h;hpp;hxx;hm;inl</Extensions>
    </Filter>
    <Filter Include="Resource Files">
      <UniqueIdentifier>{0b420e62-ea3a-420d-a7ce-11dfc911d4ec}</UniqueIdentifier>
      <Extensions>ico;cur;bmp;dlg;rc2;rct;bin;rgs;gif;jpg;jpeg;jpe</Extensions>
    </Filter>
    <Filter Include="Packages">
      <UniqueIdentifier>{3804102f-da6c-4652-a039-5710b5c25ae7}</UniqueIdentifier>
      <Extensions>vcx;vcp;vcw</Extensions>
    </Filter>
  </ItemGroup>
  <ItemGroup>
    <ClCompile Include="StdAfx.cpp">
      <Filter>Source Files</Filter>
    </ClCompile>
    <ClCompile Include="zSplRes.cpp">
      <Filter>Source Files</Filter>
    </ClCompile>
  </ItemGroup>
  <ItemGroup>
    <None Include="res\ZSplRes.rc2">
      <Filter>Resource Files</Filter>
    </None>
    <None Include="Uml\ZSplRes.vcp">
      <Filter>Packages</Filter>
    </None>
  </ItemGroup>
  <ItemGroup>
    <ClInclude Include="StdAfx.h">
      <Filter>Header Files</Filter>
    </ClInclude>
    <ClInclude Include="zSplResLib.h">
      <Filter>Header Files</Filter>
    </ClInclude>
    <ClInclude Include="zSplRes.h">
      <Filter>Header Files</Filter>
    </ClInclude>
  </ItemGroup>
  <ItemGroup>
    <Image Include="res\bmp00001.bmp">
      <Filter>Resource Files</Filter>
    </Image>
    <Image Include="res\LOGOBOX.bmp">
      <Filter>Resource Files</Filter>
    </Image>
    <Image Include="res\splashlo.bmp">
      <Filter>Resource Files</Filter>
    </Image>
  </ItemGroup>
  <ItemGroup>
    <CustomBuild Include="zSplRes.def">
      <Filter>Source Files</Filter>
    </CustomBuild>
    <CustomBuild Include="zSplResD.def">
      <Filter>Source Files</Filter>
    </CustomBuild>
  </ItemGroup>
  <ItemGroup>
    <ResourceCompile Include="zSplRes.rc">
      <Filter>Source Files</Filter>
    </ResourceCompile>
  </ItemGroup>
</Project>