<?xml version="1.0" encoding="utf-8"?>
<Project ToolsVersion="4.0" xmlns="http://schemas.microsoft.com/developer/msbuild/2003">
  <ItemGroup>
    <Filter Include="Source Files">
      <UniqueIdentifier>{0a820e3f-2b16-4e22-a922-411bdaef75f3}</UniqueIdentifier>
      <Extensions>cpp;c;cxx;rc;def;r;odl;idl;hpj;bat</Extensions>
    </Filter>
    <Filter Include="Header Files">
      <UniqueIdentifier>{a0af3be7-0478-40df-bd9c-8b8a318bc89e}</UniqueIdentifier>
      <Extensions>h;hpp;hxx;hm;inl</Extensions>
    </Filter>
    <Filter Include="Resource Files">
      <UniqueIdentifier>{94ad8145-7d6c-4dbb-81e7-ca75ef21f0d9}</UniqueIdentifier>
      <Extensions>ico;cur;bmp;dlg;rc2;rct;bin;rgs;gif;jpg;jpeg;jpe</Extensions>
    </Filter>
    <Filter Include="Diagrams">
      <UniqueIdentifier>{5a856f0e-1dce-4e15-805d-29e729ea1168}</UniqueIdentifier>
      <Extensions>vcd</Extensions>
    </Filter>
    <Filter Include="Packages">
      <UniqueIdentifier>{49e1c78a-c38c-42a1-b695-b9dc41153edd}</UniqueIdentifier>
      <Extensions>vcx;vcp;vcw</Extensions>
    </Filter>
    <Filter Include="Diagrams No. 1">
      <UniqueIdentifier>{3662c7bb-ed9b-450a-a4f2-6f996bbf1351}</UniqueIdentifier>
      <Extensions>vcd</Extensions>
    </Filter>
  </ItemGroup>
  <ItemGroup>
    <ClCompile Include="StdAfx.cpp">
      <Filter>Source Files</Filter>
    </ClCompile>
    <ClCompile Include="ZBGenericGridReportGenerator.cpp">
      <Filter>Source Files</Filter>
    </ClCompile>
    <ClCompile Include="ZBGridContext.cpp">
      <Filter>Source Files</Filter>
    </ClCompile>
    <ClCompile Include="ZBIOSGrid.cpp">
      <Filter>Source Files</Filter>
    </ClCompile>
    <ClCompile Include="ZBIOStreamGrid.cpp">
      <Filter>Source Files</Filter>
    </ClCompile>
    <ClCompile Include="ZBIStreamGrid.cpp">
      <Filter>Source Files</Filter>
    </ClCompile>
    <ClCompile Include="ZBOStreamGrid.cpp">
      <Filter>Source Files</Filter>
    </ClCompile>
    <ClCompile Include="ZCGridCheckBox.cpp">
      <Filter>Source Files</Filter>
    </ClCompile>
    <ClCompile Include="ZCGridGroup.cpp">
      <Filter>Source Files</Filter>
    </ClCompile>
    <ClCompile Include="ZDGridDoc.cpp">
      <Filter>Source Files</Filter>
    </ClCompile>
    <ClCompile Include="ZDGridReportDoc.cpp">
      <Filter>Source Files</Filter>
    </ClCompile>
    <ClCompile Include="ZIGridReportGenerator.cpp">
      <Filter>Source Files</Filter>
    </ClCompile>
    <ClCompile Include="zReport.cpp">
      <Filter>Source Files</Filter>
    </ClCompile>
    <ClCompile Include="ZVGridChildFrm.cpp">
      <Filter>Source Files</Filter>
    </ClCompile>
    <ClCompile Include="ZVGridReportChildFrm.cpp">
      <Filter>Source Files</Filter>
    </ClCompile>
    <ClCompile Include="ZVGridReportView.cpp">
      <Filter>Source Files</Filter>
    </ClCompile>
    <ClCompile Include="ZVGridView.cpp">
      <Filter>Source Files</Filter>
    </ClCompile>
  </ItemGroup>
  <ItemGroup>
    <None Include="res\zReport.rc2">
      <Filter>Resource Files</Filter>
    </None>
    <None Include="Uml\IO Grid Classes.vcd">
      <Filter>Diagrams</Filter>
    </None>
    <None Include="Uml\MVC Classes.vcd">
      <Filter>Diagrams</Filter>
    </None>
    <None Include="Uml\Report Generator Interfaces.vcd">
      <Filter>Diagrams</Filter>
    </None>
    <None Include="Uml\zReport Package.vcx">
      <Filter>Packages</Filter>
    </None>
    <None Include="Uml\zReport.vcp">
      <Filter>Packages</Filter>
    </None>
    <None Include="Uml\zReport.vcw">
      <Filter>Packages</Filter>
    </None>
  </ItemGroup>
  <ItemGroup>
    <ResourceCompile Include="zReport.rc">
      <Filter>Source Files</Filter>
    </ResourceCompile>
  </ItemGroup>
  <ItemGroup>
    <ClInclude Include="StdAfx.h">
      <Filter>Header Files</Filter>
    </ClInclude>
    <ClInclude Include="ZBGenericGridReportGenerator.h">
      <Filter>Header Files</Filter>
    </ClInclude>
    <ClInclude Include="ZBGridContext.h">
      <Filter>Header Files</Filter>
    </ClInclude>
    <ClInclude Include="ZBIOSGrid.h">
      <Filter>Header Files</Filter>
    </ClInclude>
    <ClInclude Include="ZBIOStreamGrid.h">
      <Filter>Header Files</Filter>
    </ClInclude>
    <ClInclude Include="ZBIStreamGrid.h">
      <Filter>Header Files</Filter>
    </ClInclude>
    <ClInclude Include="ZBOStreamGrid.h">
      <Filter>Header Files</Filter>
    </ClInclude>
    <ClInclude Include="ZCGridCheckBox.h">
      <Filter>Header Files</Filter>
    </ClInclude>
    <ClInclude Include="ZCGridGroup.h">
      <Filter>Header Files</Filter>
    </ClInclude>
    <ClInclude Include="ZDGridDoc.h">
      <Filter>Header Files</Filter>
    </ClInclude>
    <ClInclude Include="ZDGridReportDoc.h">
      <Filter>Header Files</Filter>
    </ClInclude>
    <ClInclude Include="ZIGridReportGenerator.h">
      <Filter>Header Files</Filter>
    </ClInclude>
    <ClInclude Include="zReportLib.h">
      <Filter>Header Files</Filter>
    </ClInclude>
    <ClInclude Include="zReportRes.h">
      <Filter>Header Files</Filter>
    </ClInclude>
    <ClInclude Include="ZVGridChildFrm.h">
      <Filter>Header Files</Filter>
    </ClInclude>
    <ClInclude Include="ZVGridReportChildFrm.h">
      <Filter>Header Files</Filter>
    </ClInclude>
    <ClInclude Include="ZVGridReportView.h">
      <Filter>Header Files</Filter>
    </ClInclude>
    <ClInclude Include="ZVGridView.h">
      <Filter>Header Files</Filter>
    </ClInclude>
  </ItemGroup>
  <ItemGroup>
    <Image Include="check_gr.bmp">
      <Filter>Resource Files</Filter>
    </Image>
  </ItemGroup>
  <ItemGroup>
    <Text Include="ReadMe.txt" />
  </ItemGroup>
  <ItemGroup>
    <CustomBuild Include="zReport.def">
      <Filter>Source Files</Filter>
    </CustomBuild>
    <CustomBuild Include="zReportD.def">
      <Filter>Source Files</Filter>
    </CustomBuild>
  </ItemGroup>
</Project>