<?xml version="1.0" encoding="utf-8"?>
<Project ToolsVersion="4.0" xmlns="http://schemas.microsoft.com/developer/msbuild/2003">
  <ItemGroup>
    <Filter Include="Source Files">
      <UniqueIdentifier>{37143c74-b26f-4126-83b9-33ebb0d3c77e}</UniqueIdentifier>
      <Extensions>cpp;c;cxx;rc;def;r;odl;idl;hpj;bat</Extensions>
    </Filter>
    <Filter Include="Header Files">
      <UniqueIdentifier>{4c22012b-78c3-4352-8e01-e56c8e9d7870}</UniqueIdentifier>
      <Extensions>h;hpp;hxx;hm;inl</Extensions>
    </Filter>
    <Filter Include="Resource Files">
      <UniqueIdentifier>{664a1dc3-bc96-4211-8edb-e496828c9c8d}</UniqueIdentifier>
      <Extensions>ico;cur;bmp;dlg;rc2;rct;bin;rgs;gif;jpg;jpeg;jpe</Extensions>
    </Filter>
  </ItemGroup>
  <ItemGroup>
    <ClCompile Include="StdAfx.cpp">
      <Filter>Source Files</Filter>
    </ClCompile>
    <ClCompile Include="zScty.cpp">
      <Filter>Source Files</Filter>
    </ClCompile>
    <ClCompile Include="PSS_CodeInputDialog.cpp">
      <Filter>Source Files</Filter>
    </ClCompile>
    <ClCompile Include="PSS_StopPrintDialog.cpp">
      <Filter>Source Files</Filter>
    </ClCompile>
    <ClCompile Include="PSS_EvaluationWarnDialog.cpp">
      <Filter>Source Files</Filter>
    </ClCompile>
    <ClCompile Include="PSS_SecurityCheck.cpp">
      <Filter>Source Files</Filter>
    </ClCompile>
    <ClCompile Include="PSS_Security.cpp">
      <Filter>Source Files</Filter>
    </ClCompile>
    <ClCompile Include="PSS_KeyFile.cpp">
      <Filter>Source Files</Filter>
    </ClCompile>
  </ItemGroup>
  <ItemGroup>
    <None Include="res\zScty.rc2">
      <Filter>Resource Files</Filter>
    </None>
  </ItemGroup>
  <ItemGroup>
    <ResourceCompile Include="zScty.rc">
      <Filter>Source Files</Filter>
    </ResourceCompile>
  </ItemGroup>
  <ItemGroup>
    <ClInclude Include="StdAfx.h">
      <Filter>Header Files</Filter>
    </ClInclude>
    <ClInclude Include="zSctyAll.h">
      <Filter>Header Files</Filter>
    </ClInclude>
    <ClInclude Include="zSctyLib.h">
      <Filter>Header Files</Filter>
    </ClInclude>
    <ClInclude Include="zSctyRes.h">
      <Filter>Header Files</Filter>
    </ClInclude>
    <ClInclude Include="PSS_CodeInputDialog.h">
      <Filter>Header Files</Filter>
    </ClInclude>
    <ClInclude Include="PSS_StopPrintDialog.h">
      <Filter>Header Files</Filter>
    </ClInclude>
    <ClInclude Include="PSS_EvaluationWarnDialog.h">
      <Filter>Header Files</Filter>
    </ClInclude>
    <ClInclude Include="PSS_SecurityCheck.h">
      <Filter>Header Files</Filter>
    </ClInclude>
    <ClInclude Include="PSS_Security.h">
      <Filter>Header Files</Filter>
    </ClInclude>
    <ClInclude Include="PSS_KeyFile.h">
      <Filter>Header Files</Filter>
    </ClInclude>
  </ItemGroup>
  <ItemGroup>
    <CustomBuild Include="zScty.def">
      <Filter>Source Files</Filter>
    </CustomBuild>
    <CustomBuild Include="zSctyD.def">
      <Filter>Source Files</Filter>
    </CustomBuild>
  </ItemGroup>
</Project>